PODS:
  - BoringSSL-GRPC (0.0.4):
    - BoringSSL-GRPC/Implementation (= 0.0.4)
    - BoringSSL-GRPC/Interface (= 0.0.4)
  - BoringSSL-GRPC/Implementation (0.0.4):
    - BoringSSL-GRPC/Interface (= 0.0.4)
  - BoringSSL-GRPC/Interface (0.0.4)
  - CryptoSwift (1.3.2)
  - gRPC-Core (1.24.2):
    - gRPC-Core/Implementation (= 1.24.2)
    - gRPC-Core/Interface (= 1.24.2)
  - gRPC-Core/Implementation (1.24.2):
    - BoringSSL-GRPC (= 0.0.4)
    - gRPC-Core/Interface (= 1.24.2)
  - gRPC-Core/Interface (1.24.2)
  - Rasat (1.0.0)
  - SwiftGRPC (0.11.0):
    - gRPC-Core (~> 1.24.1)
    - SwiftProtobuf (~> 1.7.0)
  - SwiftProtobuf (1.7.0)
  - WayTodaySDK (1.0.15):
    - CryptoSwift
    - Rasat
    - SwiftGRPC

DEPENDENCIES:
  - Rasat (from `https://github.com/s4ysolutions/Rasat.git`)
  - WayTodaySDK (from `https://github.com/s4ysolutions/WayTodaySDK-iOS.git`)

SPEC REPOS:
  trunk:
    - BoringSSL-GRPC
    - CryptoSwift
    - gRPC-Core
    - SwiftGRPC
    - SwiftProtobuf

EXTERNAL SOURCES:
  Rasat:
    :git: https://github.com/s4ysolutions/Rasat.git
  WayTodaySDK:
    :git: https://github.com/s4ysolutions/WayTodaySDK-iOS.git

CHECKOUT OPTIONS:
  Rasat:
    :commit: c423e0106e0aeb18ee793476af0302ef8644d6b2
    :git: https://github.com/s4ysolutions/Rasat.git
  WayTodaySDK:
    :commit: 3200d33371e460838eef2396959ba2bf38b29201
    :git: https://github.com/s4ysolutions/WayTodaySDK-iOS.git

SPEC CHECKSUMS:
  BoringSSL-GRPC: b8d2e9fca6d3870aec81ee7d583869caec2a6076
  CryptoSwift: 093499be1a94b0cae36e6c26b70870668cb56060
  gRPC-Core: 5ca379163f100dfbc55214942ab7d23423513a17
  Rasat: d7f45a231aafb5a0cf13f49451a00fb503c4210e
  SwiftGRPC: daeb5abeec734ee2a09072aed3fca1c2341a4869
  SwiftProtobuf: 4fd9645e69b72cbae6ec8da5be0cdd20ca6565dd
  WayTodaySDK: be61d4538408db9d4f9586d928771c545d54edf6

PODFILE CHECKSUM: 2f3ced91e052ea42b33e810e63a54f52648d0d0a

COCOAPODS: 1.9.3
