PODS:
  - Rasat (1.0.0)

DEPENDENCIES:
  - Rasat (from `https://github.com/s4ysolutions/Rasat.git`)

EXTERNAL SOURCES:
  Rasat:
    :git: https://github.com/s4ysolutions/Rasat.git

CHECKOUT OPTIONS:
  Rasat:
    :commit: c423e0106e0aeb18ee793476af0302ef8644d6b2
    :git: https://github.com/s4ysolutions/Rasat.git

SPEC CHECKSUMS:
  Rasat: d7f45a231aafb5a0cf13f49451a00fb503c4210e

PODFILE CHECKSUM: ef8ac723bc055d4801a28aaee51c167ac6162691

COCOAPODS: 1.7.4
