// !$*UTF8*$!
{
	archiveVersion = 1;
	classes = {
	};
	objectVersion = 51;
	objects = {

/* Begin PBXBuildFile section */
		01212336BC6112D6FB1B7343 /* Pods_itagone_BLE.framework in Frameworks */ = {isa = PBXBuildFile; fileRef = FF4D221C3341DD53A5BB6BE2 /* Pods_itagone_BLE.framework */; };
		410416682302C8190091E288 /* Int+extenstions.swift in Sources */ = {isa = PBXBuildFile; fileRef = 410416672302C8190091E288 /* Int+extenstions.swift */; };
		4104166A2302D4510091E288 /* Double+extenstions.swift in Sources */ = {isa = PBXBuildFile; fileRef = 410416692302D4510091E288 /* Double+extenstions.swift */; };
		4104166C2302D4D30091E288 /* Float+extenstions.swift in Sources */ = {isa = PBXBuildFile; fileRef = 4104166B2302D4D30091E288 /* Float+extenstions.swift */; };
		410B069D230062DC00590A4A /* BLEConnectionsInterface.swift in Sources */ = {isa = PBXBuildFile; fileRef = 410B069C230062DC00590A4A /* BLEConnectionsInterface.swift */; };
		410B06A0230063D000590A4A /* BLEConnectionsDefault.swift in Sources */ = {isa = PBXBuildFile; fileRef = 410B069F230063D000590A4A /* BLEConnectionsDefault.swift */; };
		410B06A22300642D00590A4A /* BLEConnectionsFactoryInterface.swift in Sources */ = {isa = PBXBuildFile; fileRef = 410B06A12300642D00590A4A /* BLEConnectionsFactoryInterface.swift */; };
		410B06A42300671200590A4A /* BLEConnectionsFactoryDefault.swift in Sources */ = {isa = PBXBuildFile; fileRef = 410B06A32300671200590A4A /* BLEConnectionsFactoryDefault.swift */; };
		410B06A6230087C900590A4A /* constants.swift in Sources */ = {isa = PBXBuildFile; fileRef = 410B06A5230087C900590A4A /* constants.swift */; };
		410B06AE2301260400590A4A /* BLEConnectionsControlFactoryInterface.swift in Sources */ = {isa = PBXBuildFile; fileRef = 410B06AD2301260400590A4A /* BLEConnectionsControlFactoryInterface.swift */; };
		410B06B02301266700590A4A /* BLEConnectionsControlFactoryDefault.swift in Sources */ = {isa = PBXBuildFile; fileRef = 410B06AF2301266700590A4A /* BLEConnectionsControlFactoryDefault.swift */; };
		411C13832523074F00CC389B /* provider.swift in Sources */ = {isa = PBXBuildFile; fileRef = 411C13822523074F00CC389B /* provider.swift */; };
		413682E0230178480073A45A /* IndicatorTableViewCell.swift in Sources */ = {isa = PBXBuildFile; fileRef = 413682DE230178480073A45A /* IndicatorTableViewCell.swift */; };
		413682E1230178480073A45A /* IndicatorTableViewCell.xib in Resources */ = {isa = PBXBuildFile; fileRef = 413682DF230178480073A45A /* IndicatorTableViewCell.xib */; };
		413682E52301B5D60073A45A /* Float+extenstions.swift in Sources */ = {isa = PBXBuildFile; fileRef = 413682E42301B5D60073A45A /* Float+extenstions.swift */; };
		413682E72301B94E0073A45A /* SoundDefault.swift in Sources */ = {isa = PBXBuildFile; fileRef = 413682E62301B94E0073A45A /* SoundDefault.swift */; };
		413682E92301CD850073A45A /* BLEFindMeInterface.swift in Sources */ = {isa = PBXBuildFile; fileRef = 413682E82301CD850073A45A /* BLEFindMeInterface.swift */; };
		413682EB2301DF440073A45A /* BLEFindMeDefault.swift in Sources */ = {isa = PBXBuildFile; fileRef = 413682EA2301DF440073A45A /* BLEFindMeDefault.swift */; };
		413682ED2301E0150073A45A /* BLEFindMeControlFactoryInterface.swift in Sources */ = {isa = PBXBuildFile; fileRef = 413682EC2301E0150073A45A /* BLEFindMeControlFactoryInterface.swift */; };
		413682EF2301E0860073A45A /* BLEFindMeControlFactoryDefault.swift in Sources */ = {isa = PBXBuildFile; fileRef = 413682EE2301E0860073A45A /* BLEFindMeControlFactoryDefault.swift */; };
		415B1C31249536F5001C54B0 /* Pods_itagone.framework in Frameworks */ = {isa = PBXBuildFile; fileRef = 9D5738C26BF2B9546553AE90 /* Pods_itagone.framework */; };
		415B1C3324953906001C54B0 /* BLE.framework in Frameworks */ = {isa = PBXBuildFile; fileRef = 4177C95422FEAE4E003F4423 /* BLE.framework */; };
		415B1C3424953906001C54B0 /* BLE.framework in Embed Frameworks */ = {isa = PBXBuildFile; fileRef = 4177C95422FEAE4E003F4423 /* BLE.framework */; settings = {ATTRIBUTES = (CodeSignOnCopy, RemoveHeadersOnCopy, ); }; };
		415B1C3E24956A26001C54B0 /* Bool.swift in Sources */ = {isa = PBXBuildFile; fileRef = 415B1C3D24956A26001C54B0 /* Bool.swift */; };
		415B1C4124956ACA001C54B0 /* Any.swift in Sources */ = {isa = PBXBuildFile; fileRef = 415B1C4024956ACA001C54B0 /* Any.swift */; };
		415B1C4324957356001C54B0 /* Int.swift in Sources */ = {isa = PBXBuildFile; fileRef = 415B1C4224957356001C54B0 /* Int.swift */; };
		415B1C4524957847001C54B0 /* String.swift in Sources */ = {isa = PBXBuildFile; fileRef = 415B1C4424957847001C54B0 /* String.swift */; };
		415B1C4824960E58001C54B0 /* InfoPlist.strings in Resources */ = {isa = PBXBuildFile; fileRef = 415B1C4A24960E58001C54B0 /* InfoPlist.strings */; };
		415B1C4E24965C90001C54B0 /* Logger.swift in Sources */ = {isa = PBXBuildFile; fileRef = 415B1C4D24965C90001C54B0 /* Logger.swift */; };
		415B1C5024969509001C54B0 /* LastSeenLocation.swift in Sources */ = {isa = PBXBuildFile; fileRef = 415B1C4F24969508001C54B0 /* LastSeenLocation.swift */; };
		415B1C522496968B001C54B0 /* Double.swift in Sources */ = {isa = PBXBuildFile; fileRef = 415B1C512496968B001C54B0 /* Double.swift */; };
		4177C95D22FEAE4F003F4423 /* BLE.framework in Frameworks */ = {isa = PBXBuildFile; fileRef = 4177C95422FEAE4E003F4423 /* BLE.framework */; };
		4177C96422FEAE4F003F4423 /* BLETests.swift in Sources */ = {isa = PBXBuildFile; fileRef = 4177C96322FEAE4F003F4423 /* BLETests.swift */; };
		4177C96622FEAE4F003F4423 /* BLE.h in Headers */ = {isa = PBXBuildFile; fileRef = 4177C95622FEAE4E003F4423 /* BLE.h */; settings = {ATTRIBUTES = (Public, ); }; };
		4177C97222FEAE76003F4423 /* BLEConnectionInterface.swift in Sources */ = {isa = PBXBuildFile; fileRef = 4177C94522FEA637003F4423 /* BLEConnectionInterface.swift */; };
		4177C97422FEAE76003F4423 /* BLEConnnectionDefault.swift in Sources */ = {isa = PBXBuildFile; fileRef = 4177C94722FEA680003F4423 /* BLEConnnectionDefault.swift */; };
		4177C97522FEAE76003F4423 /* BLEConnectionFactoryInterface.swift in Sources */ = {isa = PBXBuildFile; fileRef = 4177C94922FEAA18003F4423 /* BLEConnectionFactoryInterface.swift */; };
		4177C97622FEAE76003F4423 /* BLEConnectionFactoryDefault.swift in Sources */ = {isa = PBXBuildFile; fileRef = 4177C94B22FEAA62003F4423 /* BLEConnectionFactoryDefault.swift */; };
		4177C97722FEAE76003F4423 /* BLEScannerInterface.swift in Sources */ = {isa = PBXBuildFile; fileRef = 4177C94D22FEAD82003F4423 /* BLEScannerInterface.swift */; };
		4177C97922FEAE76003F4423 /* BLEDefault.swift in Sources */ = {isa = PBXBuildFile; fileRef = 41F67C2D22F990B300BCC628 /* BLEDefault.swift */; };
		4177C97A22FEAE76003F4423 /* BLEInterface.swift in Sources */ = {isa = PBXBuildFile; fileRef = 41F67C2B22F98DD400BCC628 /* BLEInterface.swift */; };
		4177C97D22FEB0FE003F4423 /* BLEScannerDefault.swift in Sources */ = {isa = PBXBuildFile; fileRef = 4177C97C22FEB0FE003F4423 /* BLEScannerDefault.swift */; };
		4177C97F22FEB1C1003F4423 /* BLEScannerFactoryInterface.swift in Sources */ = {isa = PBXBuildFile; fileRef = 4177C97E22FEB1C1003F4423 /* BLEScannerFactoryInterface.swift */; };
		4177C98122FEB211003F4423 /* BLEScannerFactoryDefault.swift in Sources */ = {isa = PBXBuildFile; fileRef = 4177C98022FEB211003F4423 /* BLEScannerFactoryDefault.swift */; };
		4177C98322FEB39D003F4423 /* BLEManagerObservablesDefault.swift in Sources */ = {isa = PBXBuildFile; fileRef = 4177C98222FEB39D003F4423 /* BLEManagerObservablesDefault.swift */; };
		4177C98522FEB433003F4423 /* BLEManagerObservablesInterface.swift in Sources */ = {isa = PBXBuildFile; fileRef = 4177C98422FEB433003F4423 /* BLEManagerObservablesInterface.swift */; };
		4177C98722FF11E3003F4423 /* BLEAlertInterface.swift in Sources */ = {isa = PBXBuildFile; fileRef = 4177C98622FF11E3003F4423 /* BLEAlertInterface.swift */; };
		4177C98922FF12D2003F4423 /* BLEAlertDefault.swift in Sources */ = {isa = PBXBuildFile; fileRef = 4177C98822FF12D2003F4423 /* BLEAlertDefault.swift */; };
		4177C98F22FF1EAD003F4423 /* BLEAlertFactoryInterface.swift in Sources */ = {isa = PBXBuildFile; fileRef = 4177C98E22FF1EAD003F4423 /* BLEAlertFactoryInterface.swift */; };
		4177C99122FF1F3B003F4423 /* BLEAlertFactoryDefault.swift in Sources */ = {isa = PBXBuildFile; fileRef = 4177C99022FF1F3B003F4423 /* BLEAlertFactoryDefault.swift */; };
		4177C99422FF2D7F003F4423 /* Int+extenstions.swift in Sources */ = {isa = PBXBuildFile; fileRef = 4177C99322FF2D7F003F4423 /* Int+extenstions.swift */; };
		4177C99622FF3F6D003F4423 /* constants.swift in Sources */ = {isa = PBXBuildFile; fileRef = 4177C99522FF3F6D003F4423 /* constants.swift */; };
		4177C99822FF53BC003F4423 /* BLEPeripheralObservablesDefault.swift in Sources */ = {isa = PBXBuildFile; fileRef = 4177C99722FF53BC003F4423 /* BLEPeripheralObservablesDefault.swift */; };
		4177C99A22FF558F003F4423 /* BLEPeripheralObservablesInterface.swift in Sources */ = {isa = PBXBuildFile; fileRef = 4177C99922FF558F003F4423 /* BLEPeripheralObservablesInterface.swift */; };
		4177C99C22FF5711003F4423 /* BLEPeripheralObservablesFactoryInterface.swift in Sources */ = {isa = PBXBuildFile; fileRef = 4177C99B22FF5711003F4423 /* BLEPeripheralObservablesFactoryInterface.swift */; };
		4177C99E22FF5760003F4423 /* BLEPeripheralObservablesFactoryDefault.swift in Sources */ = {isa = PBXBuildFile; fileRef = 4177C99D22FF5760003F4423 /* BLEPeripheralObservablesFactoryDefault.swift */; };
		4177C9A022FF6A01003F4423 /* BLEConnectionsStoreInterface.swift in Sources */ = {isa = PBXBuildFile; fileRef = 4177C99F22FF6A01003F4423 /* BLEConnectionsStoreInterface.swift */; };
		4177C9A222FF6A47003F4423 /* BLEConnectionsStoreDefault.swift in Sources */ = {isa = PBXBuildFile; fileRef = 4177C9A122FF6A47003F4423 /* BLEConnectionsStoreDefault.swift */; };
		4177C9A422FF6D46003F4423 /* BLEConnectionsStoreFactoryInterface.swift in Sources */ = {isa = PBXBuildFile; fileRef = 4177C9A322FF6D46003F4423 /* BLEConnectionsStoreFactoryInterface.swift */; };
		4177C9A622FF6D9E003F4423 /* BLEConnectionsStoreFactoryDefault.swift in Sources */ = {isa = PBXBuildFile; fileRef = 4177C9A522FF6D9E003F4423 /* BLEConnectionsStoreFactoryDefault.swift */; };
		41A5DA6322FB1DD800E6F94B /* BLEScanViewController.swift in Sources */ = {isa = PBXBuildFile; fileRef = 41A5DA6222FB1DD800E6F94B /* BLEScanViewController.swift */; };
		41A5DA6522FB5AB500E6F94B /* PeripheralsTableViewController.swift in Sources */ = {isa = PBXBuildFile; fileRef = 41A5DA6422FB5AB500E6F94B /* PeripheralsTableViewController.swift */; };
		41A5DA6922FB5E1B00E6F94B /* PeripheralTableViewCell.swift in Sources */ = {isa = PBXBuildFile; fileRef = 41A5DA6722FB5E1B00E6F94B /* PeripheralTableViewCell.swift */; };
		41A5DA6A22FB5E1B00E6F94B /* PeripheralTableViewCell.xib in Resources */ = {isa = PBXBuildFile; fileRef = 41A5DA6822FB5E1B00E6F94B /* PeripheralTableViewCell.xib */; };
		41A5DA6E22FBD56C00E6F94B /* TagStoreInterface.swift in Sources */ = {isa = PBXBuildFile; fileRef = 41A5DA6D22FBD56C00E6F94B /* TagStoreInterface.swift */; };
		41A5DA7022FBD6B400E6F94B /* TagFactoryInterface.swift in Sources */ = {isa = PBXBuildFile; fileRef = 41A5DA6F22FBD6B400E6F94B /* TagFactoryInterface.swift */; };
		41A5DA7222FBD7F900E6F94B /* TagDefault.swift in Sources */ = {isa = PBXBuildFile; fileRef = 41A5DA7122FBD7F900E6F94B /* TagDefault.swift */; };
		41A5DA7422FBD85B00E6F94B /* TagFactoryDefault.swift in Sources */ = {isa = PBXBuildFile; fileRef = 41A5DA7322FBD85B00E6F94B /* TagFactoryDefault.swift */; };
		41A5DA7622FBDAA700E6F94B /* TagStoreDefault.swift in Sources */ = {isa = PBXBuildFile; fileRef = 41A5DA7522FBDAA700E6F94B /* TagStoreDefault.swift */; };
		41A5DA7922FBF95800E6F94B /* Localizable.strings in Resources */ = {isa = PBXBuildFile; fileRef = 41A5DA7722FBF95800E6F94B /* Localizable.strings */; };
		41A5DA7D22FBFAFF00E6F94B /* String+localized.swift in Sources */ = {isa = PBXBuildFile; fileRef = 41A5DA7C22FBFAFF00E6F94B /* String+localized.swift */; };
		41A5DA7F22FC569100E6F94B /* BLETag1ViewController.swift in Sources */ = {isa = PBXBuildFile; fileRef = 41A5DA7E22FC569100E6F94B /* BLETag1ViewController.swift */; };
		41A5DA8122FC56AA00E6F94B /* BLETags2ViewController.swift in Sources */ = {isa = PBXBuildFile; fileRef = 41A5DA8022FC56AA00E6F94B /* BLETags2ViewController.swift */; };
		41A5DA8322FC572800E6F94B /* BLETagViewController.swift in Sources */ = {isa = PBXBuildFile; fileRef = 41A5DA8222FC572800E6F94B /* BLETagViewController.swift */; };
		41A918252867C117001A3E48 /* secret.swift in Sources */ = {isa = PBXBuildFile; fileRef = 41A918242867C117001A3E48 /* secret.swift */; };
		41C15A5922FAF0FC008A4521 /* BLETags0ViewController.swift in Sources */ = {isa = PBXBuildFile; fileRef = 41C15A5822FAF0FC008A4521 /* BLETags0ViewController.swift */; };
		41DEB45524939A8400EAF6C3 /* AlertSound.swift in Sources */ = {isa = PBXBuildFile; fileRef = 41DEB45424939A8400EAF6C3 /* AlertSound.swift */; };
		41DEB4572493B01400EAF6C3 /* VibrationDeafult.swift in Sources */ = {isa = PBXBuildFile; fileRef = 41DEB4562493B01400EAF6C3 /* VibrationDeafult.swift */; };
		41F67BF822F932E300BCC628 /* AppDelegate.swift in Sources */ = {isa = PBXBuildFile; fileRef = 41F67BF722F932E300BCC628 /* AppDelegate.swift */; };
		41F67BFA22F932E300BCC628 /* BLERootViewController.swift in Sources */ = {isa = PBXBuildFile; fileRef = 41F67BF922F932E300BCC628 /* BLERootViewController.swift */; };
		41F67BFD22F932E300BCC628 /* Main.storyboard in Resources */ = {isa = PBXBuildFile; fileRef = 41F67BFB22F932E300BCC628 /* Main.storyboard */; };
		41F67BFF22F932E500BCC628 /* Assets.xcassets in Resources */ = {isa = PBXBuildFile; fileRef = 41F67BFE22F932E500BCC628 /* Assets.xcassets */; };
		41F67C0222F932E500BCC628 /* LaunchScreen.storyboard in Resources */ = {isa = PBXBuildFile; fileRef = 41F67C0022F932E500BCC628 /* LaunchScreen.storyboard */; };
		41F67C0D22F932E500BCC628 /* itagoneTests.swift in Sources */ = {isa = PBXBuildFile; fileRef = 41F67C0C22F932E500BCC628 /* itagoneTests.swift */; };
		41F67C1822F932E500BCC628 /* itagoneUITests.swift in Sources */ = {isa = PBXBuildFile; fileRef = 41F67C1722F932E500BCC628 /* itagoneUITests.swift */; };
		41F67C2722F93E6400BCC628 /* TagInterface.swift in Sources */ = {isa = PBXBuildFile; fileRef = 41F67C2622F93E6400BCC628 /* TagInterface.swift */; };
		4C0ED533A152DB5C0D9DDA0E /* Pods_itagone_itagoneTests.framework in Frameworks */ = {isa = PBXBuildFile; fileRef = D8F822B85EB450E107E1AAD1 /* Pods_itagone_itagoneTests.framework */; };
		85F2946E0179EA55749B0FCD /* Pods_itagone_BLETests.framework in Frameworks */ = {isa = PBXBuildFile; fileRef = 1C12C0E8532E9AED0A879286 /* Pods_itagone_BLETests.framework */; };
		8D230D20CB41957AC6D80A44 /* Pods_itagone_itagoneUITests.framework in Frameworks */ = {isa = PBXBuildFile; fileRef = 7975AA4C2FB05FE18B76001F /* Pods_itagone_itagoneUITests.framework */; };
		FC0DECB1F5B5DB3529DDF1A8 /* (null) in Frameworks */ = {isa = PBXBuildFile; };
/* End PBXBuildFile section */

/* Begin PBXContainerItemProxy section */
		4177C95E22FEAE4F003F4423 /* PBXContainerItemProxy */ = {
			isa = PBXContainerItemProxy;
			containerPortal = 41F67BEC22F932E300BCC628 /* Project object */;
			proxyType = 1;
			remoteGlobalIDString = 4177C95322FEAE4E003F4423;
			remoteInfo = BLE;
		};
		4177C96022FEAE4F003F4423 /* PBXContainerItemProxy */ = {
			isa = PBXContainerItemProxy;
			containerPortal = 41F67BEC22F932E300BCC628 /* Project object */;
			proxyType = 1;
			remoteGlobalIDString = 41F67BF322F932E300BCC628;
			remoteInfo = itagone;
		};
		4177C96722FEAE4F003F4423 /* PBXContainerItemProxy */ = {
			isa = PBXContainerItemProxy;
			containerPortal = 41F67BEC22F932E300BCC628 /* Project object */;
			proxyType = 1;
			remoteGlobalIDString = 4177C95322FEAE4E003F4423;
			remoteInfo = BLE;
		};
		41F67C0922F932E500BCC628 /* PBXContainerItemProxy */ = {
			isa = PBXContainerItemProxy;
			containerPortal = 41F67BEC22F932E300BCC628 /* Project object */;
			proxyType = 1;
			remoteGlobalIDString = 41F67BF322F932E300BCC628;
			remoteInfo = itagone;
		};
		41F67C1422F932E500BCC628 /* PBXContainerItemProxy */ = {
			isa = PBXContainerItemProxy;
			containerPortal = 41F67BEC22F932E300BCC628 /* Project object */;
			proxyType = 1;
			remoteGlobalIDString = 41F67BF322F932E300BCC628;
			remoteInfo = itagone;
		};
/* End PBXContainerItemProxy section */

/* Begin PBXCopyFilesBuildPhase section */
		415B1C3524953906001C54B0 /* Embed Frameworks */ = {
			isa = PBXCopyFilesBuildPhase;
			buildActionMask = 2147483647;
			dstPath = "";
			dstSubfolderSpec = 10;
			files = (
				415B1C3424953906001C54B0 /* BLE.framework in Embed Frameworks */,
			);
			name = "Embed Frameworks";
			runOnlyForDeploymentPostprocessing = 0;
		};
/* End PBXCopyFilesBuildPhase section */

/* Begin PBXFileReference section */
		1C12C0E8532E9AED0A879286 /* Pods_itagone_BLETests.framework */ = {isa = PBXFileReference; explicitFileType = wrapper.framework; includeInIndex = 0; path = Pods_itagone_BLETests.framework; sourceTree = BUILT_PRODUCTS_DIR; };
		1F0D60180C556233B3540339 /* Pods-itagone-BLETests.debug.xcconfig */ = {isa = PBXFileReference; includeInIndex = 1; lastKnownFileType = text.xcconfig; name = "Pods-itagone-BLETests.debug.xcconfig"; path = "Target Support Files/Pods-itagone-BLETests/Pods-itagone-BLETests.debug.xcconfig"; sourceTree = "<group>"; };
		410416672302C8190091E288 /* Int+extenstions.swift */ = {isa = PBXFileReference; lastKnownFileType = sourcecode.swift; path = "Int+extenstions.swift"; sourceTree = "<group>"; };
		410416692302D4510091E288 /* Double+extenstions.swift */ = {isa = PBXFileReference; lastKnownFileType = sourcecode.swift; path = "Double+extenstions.swift"; sourceTree = "<group>"; };
		4104166B2302D4D30091E288 /* Float+extenstions.swift */ = {isa = PBXFileReference; fileEncoding = 4; lastKnownFileType = sourcecode.swift; path = "Float+extenstions.swift"; sourceTree = "<group>"; };
		410B069C230062DC00590A4A /* BLEConnectionsInterface.swift */ = {isa = PBXFileReference; lastKnownFileType = sourcecode.swift; path = BLEConnectionsInterface.swift; sourceTree = "<group>"; };
		410B069F230063D000590A4A /* BLEConnectionsDefault.swift */ = {isa = PBXFileReference; lastKnownFileType = sourcecode.swift; path = BLEConnectionsDefault.swift; sourceTree = "<group>"; };
		410B06A12300642D00590A4A /* BLEConnectionsFactoryInterface.swift */ = {isa = PBXFileReference; lastKnownFileType = sourcecode.swift; path = BLEConnectionsFactoryInterface.swift; sourceTree = "<group>"; };
		410B06A32300671200590A4A /* BLEConnectionsFactoryDefault.swift */ = {isa = PBXFileReference; lastKnownFileType = sourcecode.swift; path = BLEConnectionsFactoryDefault.swift; sourceTree = "<group>"; };
		410B06A5230087C900590A4A /* constants.swift */ = {isa = PBXFileReference; lastKnownFileType = sourcecode.swift; path = constants.swift; sourceTree = "<group>"; };
		410B06AD2301260400590A4A /* BLEConnectionsControlFactoryInterface.swift */ = {isa = PBXFileReference; lastKnownFileType = sourcecode.swift; path = BLEConnectionsControlFactoryInterface.swift; sourceTree = "<group>"; };
		410B06AF2301266700590A4A /* BLEConnectionsControlFactoryDefault.swift */ = {isa = PBXFileReference; lastKnownFileType = sourcecode.swift; path = BLEConnectionsControlFactoryDefault.swift; sourceTree = "<group>"; };
		411C13822523074F00CC389B /* provider.swift */ = {isa = PBXFileReference; lastKnownFileType = sourcecode.swift; path = provider.swift; sourceTree = "<group>"; };
		413682DE230178480073A45A /* IndicatorTableViewCell.swift */ = {isa = PBXFileReference; lastKnownFileType = sourcecode.swift; path = IndicatorTableViewCell.swift; sourceTree = "<group>"; };
		413682DF230178480073A45A /* IndicatorTableViewCell.xib */ = {isa = PBXFileReference; lastKnownFileType = file.xib; path = IndicatorTableViewCell.xib; sourceTree = "<group>"; };
		413682E42301B5D60073A45A /* Float+extenstions.swift */ = {isa = PBXFileReference; lastKnownFileType = sourcecode.swift; path = "Float+extenstions.swift"; sourceTree = "<group>"; };
		413682E62301B94E0073A45A /* SoundDefault.swift */ = {isa = PBXFileReference; lastKnownFileType = sourcecode.swift; path = SoundDefault.swift; sourceTree = "<group>"; };
		413682E82301CD850073A45A /* BLEFindMeInterface.swift */ = {isa = PBXFileReference; lastKnownFileType = sourcecode.swift; path = BLEFindMeInterface.swift; sourceTree = "<group>"; };
		413682EA2301DF440073A45A /* BLEFindMeDefault.swift */ = {isa = PBXFileReference; lastKnownFileType = sourcecode.swift; path = BLEFindMeDefault.swift; sourceTree = "<group>"; };
		413682EC2301E0150073A45A /* BLEFindMeControlFactoryInterface.swift */ = {isa = PBXFileReference; lastKnownFileType = sourcecode.swift; path = BLEFindMeControlFactoryInterface.swift; sourceTree = "<group>"; };
		413682EE2301E0860073A45A /* BLEFindMeControlFactoryDefault.swift */ = {isa = PBXFileReference; lastKnownFileType = sourcecode.swift; path = BLEFindMeControlFactoryDefault.swift; sourceTree = "<group>"; };
		41370E37252B16DB008603AD /* en */ = {isa = PBXFileReference; lastKnownFileType = text.plist.strings; name = en; path = en.lproj/LaunchScreen.strings; sourceTree = "<group>"; };
		41370E39252B16FD008603AD /* en */ = {isa = PBXFileReference; lastKnownFileType = text.plist.strings; name = en; path = en.lproj/Main.strings; sourceTree = "<group>"; };
		41370E3E252B1766008603AD /* en */ = {isa = PBXFileReference; lastKnownFileType = text.plist.strings; name = en; path = itagone/en.lproj/Localizable.strings; sourceTree = "<group>"; };
		41370E3F252B17AC008603AD /* ru */ = {isa = PBXFileReference; lastKnownFileType = text.plist.strings; name = ru; path = ru.lproj/InfoPlist.strings; sourceTree = "<group>"; };
		41370E40252B17BD008603AD /* ru */ = {isa = PBXFileReference; lastKnownFileType = text.plist.strings; name = ru; path = itagone/ru.lproj/Localizable.strings; sourceTree = "<group>"; };
		41370E41252B17E4008603AD /* en */ = {isa = PBXFileReference; lastKnownFileType = text.plist.strings; name = en; path = en.lproj/InfoPlist.strings; sourceTree = "<group>"; };
		415B1C2E24953686001C54B0 /* WayTodaySDK.framework */ = {isa = PBXFileReference; explicitFileType = wrapper.framework; path = WayTodaySDK.framework; sourceTree = BUILT_PRODUCTS_DIR; };
		415B1C3D24956A26001C54B0 /* Bool.swift */ = {isa = PBXFileReference; lastKnownFileType = sourcecode.swift; path = Bool.swift; sourceTree = "<group>"; };
		415B1C4024956ACA001C54B0 /* Any.swift */ = {isa = PBXFileReference; lastKnownFileType = sourcecode.swift; path = Any.swift; sourceTree = "<group>"; };
		415B1C4224957356001C54B0 /* Int.swift */ = {isa = PBXFileReference; lastKnownFileType = sourcecode.swift; path = Int.swift; sourceTree = "<group>"; };
		415B1C4424957847001C54B0 /* String.swift */ = {isa = PBXFileReference; lastKnownFileType = sourcecode.swift; path = String.swift; sourceTree = "<group>"; };
		415B1C4D24965C90001C54B0 /* Logger.swift */ = {isa = PBXFileReference; lastKnownFileType = sourcecode.swift; path = Logger.swift; sourceTree = "<group>"; };
		415B1C4F24969508001C54B0 /* LastSeenLocation.swift */ = {isa = PBXFileReference; lastKnownFileType = sourcecode.swift; path = LastSeenLocation.swift; sourceTree = "<group>"; };
		415B1C512496968B001C54B0 /* Double.swift */ = {isa = PBXFileReference; lastKnownFileType = sourcecode.swift; path = Double.swift; sourceTree = "<group>"; };
		4177C94522FEA637003F4423 /* BLEConnectionInterface.swift */ = {isa = PBXFileReference; lastKnownFileType = sourcecode.swift; path = BLEConnectionInterface.swift; sourceTree = "<group>"; };
		4177C94722FEA680003F4423 /* BLEConnnectionDefault.swift */ = {isa = PBXFileReference; lastKnownFileType = sourcecode.swift; path = BLEConnnectionDefault.swift; sourceTree = "<group>"; };
		4177C94922FEAA18003F4423 /* BLEConnectionFactoryInterface.swift */ = {isa = PBXFileReference; lastKnownFileType = sourcecode.swift; path = BLEConnectionFactoryInterface.swift; sourceTree = "<group>"; };
		4177C94B22FEAA62003F4423 /* BLEConnectionFactoryDefault.swift */ = {isa = PBXFileReference; lastKnownFileType = sourcecode.swift; path = BLEConnectionFactoryDefault.swift; sourceTree = "<group>"; };
		4177C94D22FEAD82003F4423 /* BLEScannerInterface.swift */ = {isa = PBXFileReference; lastKnownFileType = sourcecode.swift; path = BLEScannerInterface.swift; sourceTree = "<group>"; };
		4177C95422FEAE4E003F4423 /* BLE.framework */ = {isa = PBXFileReference; explicitFileType = wrapper.framework; includeInIndex = 0; path = BLE.framework; sourceTree = BUILT_PRODUCTS_DIR; };
		4177C95622FEAE4E003F4423 /* BLE.h */ = {isa = PBXFileReference; lastKnownFileType = sourcecode.c.h; path = BLE.h; sourceTree = "<group>"; };
		4177C95722FEAE4E003F4423 /* Info.plist */ = {isa = PBXFileReference; lastKnownFileType = text.plist.xml; path = Info.plist; sourceTree = "<group>"; };
		4177C95C22FEAE4F003F4423 /* BLETests.xctest */ = {isa = PBXFileReference; explicitFileType = wrapper.cfbundle; includeInIndex = 0; path = BLETests.xctest; sourceTree = BUILT_PRODUCTS_DIR; };
		4177C96322FEAE4F003F4423 /* BLETests.swift */ = {isa = PBXFileReference; lastKnownFileType = sourcecode.swift; path = BLETests.swift; sourceTree = "<group>"; };
		4177C96522FEAE4F003F4423 /* Info.plist */ = {isa = PBXFileReference; lastKnownFileType = text.plist.xml; path = Info.plist; sourceTree = "<group>"; };
		4177C97C22FEB0FE003F4423 /* BLEScannerDefault.swift */ = {isa = PBXFileReference; lastKnownFileType = sourcecode.swift; path = BLEScannerDefault.swift; sourceTree = "<group>"; };
		4177C97E22FEB1C1003F4423 /* BLEScannerFactoryInterface.swift */ = {isa = PBXFileReference; lastKnownFileType = sourcecode.swift; path = BLEScannerFactoryInterface.swift; sourceTree = "<group>"; };
		4177C98022FEB211003F4423 /* BLEScannerFactoryDefault.swift */ = {isa = PBXFileReference; lastKnownFileType = sourcecode.swift; path = BLEScannerFactoryDefault.swift; sourceTree = "<group>"; };
		4177C98222FEB39D003F4423 /* BLEManagerObservablesDefault.swift */ = {isa = PBXFileReference; lastKnownFileType = sourcecode.swift; path = BLEManagerObservablesDefault.swift; sourceTree = "<group>"; };
		4177C98422FEB433003F4423 /* BLEManagerObservablesInterface.swift */ = {isa = PBXFileReference; lastKnownFileType = sourcecode.swift; path = BLEManagerObservablesInterface.swift; sourceTree = "<group>"; };
		4177C98622FF11E3003F4423 /* BLEAlertInterface.swift */ = {isa = PBXFileReference; lastKnownFileType = sourcecode.swift; path = BLEAlertInterface.swift; sourceTree = "<group>"; };
		4177C98822FF12D2003F4423 /* BLEAlertDefault.swift */ = {isa = PBXFileReference; lastKnownFileType = sourcecode.swift; path = BLEAlertDefault.swift; sourceTree = "<group>"; };
		4177C98E22FF1EAD003F4423 /* BLEAlertFactoryInterface.swift */ = {isa = PBXFileReference; lastKnownFileType = sourcecode.swift; path = BLEAlertFactoryInterface.swift; sourceTree = "<group>"; };
		4177C99022FF1F3B003F4423 /* BLEAlertFactoryDefault.swift */ = {isa = PBXFileReference; lastKnownFileType = sourcecode.swift; path = BLEAlertFactoryDefault.swift; sourceTree = "<group>"; };
		4177C99322FF2D7F003F4423 /* Int+extenstions.swift */ = {isa = PBXFileReference; lastKnownFileType = sourcecode.swift; path = "Int+extenstions.swift"; sourceTree = "<group>"; };
		4177C99522FF3F6D003F4423 /* constants.swift */ = {isa = PBXFileReference; lastKnownFileType = sourcecode.swift; path = constants.swift; sourceTree = "<group>"; };
		4177C99722FF53BC003F4423 /* BLEPeripheralObservablesDefault.swift */ = {isa = PBXFileReference; lastKnownFileType = sourcecode.swift; path = BLEPeripheralObservablesDefault.swift; sourceTree = "<group>"; };
		4177C99922FF558F003F4423 /* BLEPeripheralObservablesInterface.swift */ = {isa = PBXFileReference; lastKnownFileType = sourcecode.swift; path = BLEPeripheralObservablesInterface.swift; sourceTree = "<group>"; };
		4177C99B22FF5711003F4423 /* BLEPeripheralObservablesFactoryInterface.swift */ = {isa = PBXFileReference; lastKnownFileType = sourcecode.swift; path = BLEPeripheralObservablesFactoryInterface.swift; sourceTree = "<group>"; };
		4177C99D22FF5760003F4423 /* BLEPeripheralObservablesFactoryDefault.swift */ = {isa = PBXFileReference; lastKnownFileType = sourcecode.swift; path = BLEPeripheralObservablesFactoryDefault.swift; sourceTree = "<group>"; };
		4177C99F22FF6A01003F4423 /* BLEConnectionsStoreInterface.swift */ = {isa = PBXFileReference; lastKnownFileType = sourcecode.swift; path = BLEConnectionsStoreInterface.swift; sourceTree = "<group>"; };
		4177C9A122FF6A47003F4423 /* BLEConnectionsStoreDefault.swift */ = {isa = PBXFileReference; lastKnownFileType = sourcecode.swift; path = BLEConnectionsStoreDefault.swift; sourceTree = "<group>"; };
		4177C9A322FF6D46003F4423 /* BLEConnectionsStoreFactoryInterface.swift */ = {isa = PBXFileReference; lastKnownFileType = sourcecode.swift; path = BLEConnectionsStoreFactoryInterface.swift; sourceTree = "<group>"; };
		4177C9A522FF6D9E003F4423 /* BLEConnectionsStoreFactoryDefault.swift */ = {isa = PBXFileReference; lastKnownFileType = sourcecode.swift; path = BLEConnectionsStoreFactoryDefault.swift; sourceTree = "<group>"; };
		41A5DA5D22FAF1DA00E6F94B /* zh-Hans */ = {isa = PBXFileReference; lastKnownFileType = text.plist.strings; name = "zh-Hans"; path = "zh-Hans.lproj/Main.strings"; sourceTree = "<group>"; };
		41A5DA5E22FAF1DA00E6F94B /* zh-Hans */ = {isa = PBXFileReference; lastKnownFileType = text.plist.strings; name = "zh-Hans"; path = "zh-Hans.lproj/LaunchScreen.strings"; sourceTree = "<group>"; };
		41A5DA6122FB15D400E6F94B /* ru */ = {isa = PBXFileReference; lastKnownFileType = text.plist.strings; name = ru; path = ru.lproj/Main.strings; sourceTree = "<group>"; };
		41A5DA6222FB1DD800E6F94B /* BLEScanViewController.swift */ = {isa = PBXFileReference; lastKnownFileType = sourcecode.swift; path = BLEScanViewController.swift; sourceTree = "<group>"; };
		41A5DA6422FB5AB500E6F94B /* PeripheralsTableViewController.swift */ = {isa = PBXFileReference; lastKnownFileType = sourcecode.swift; path = PeripheralsTableViewController.swift; sourceTree = "<group>"; };
		41A5DA6722FB5E1B00E6F94B /* PeripheralTableViewCell.swift */ = {isa = PBXFileReference; lastKnownFileType = sourcecode.swift; path = PeripheralTableViewCell.swift; sourceTree = "<group>"; };
		41A5DA6822FB5E1B00E6F94B /* PeripheralTableViewCell.xib */ = {isa = PBXFileReference; lastKnownFileType = file.xib; path = PeripheralTableViewCell.xib; sourceTree = "<group>"; };
		41A5DA6D22FBD56C00E6F94B /* TagStoreInterface.swift */ = {isa = PBXFileReference; lastKnownFileType = sourcecode.swift; path = TagStoreInterface.swift; sourceTree = "<group>"; };
		41A5DA6F22FBD6B400E6F94B /* TagFactoryInterface.swift */ = {isa = PBXFileReference; lastKnownFileType = sourcecode.swift; path = TagFactoryInterface.swift; sourceTree = "<group>"; };
		41A5DA7122FBD7F900E6F94B /* TagDefault.swift */ = {isa = PBXFileReference; lastKnownFileType = sourcecode.swift; path = TagDefault.swift; sourceTree = "<group>"; };
		41A5DA7322FBD85B00E6F94B /* TagFactoryDefault.swift */ = {isa = PBXFileReference; lastKnownFileType = sourcecode.swift; path = TagFactoryDefault.swift; sourceTree = "<group>"; };
		41A5DA7522FBDAA700E6F94B /* TagStoreDefault.swift */ = {isa = PBXFileReference; lastKnownFileType = sourcecode.swift; path = TagStoreDefault.swift; sourceTree = "<group>"; };
		41A5DA7822FBF95800E6F94B /* Base */ = {isa = PBXFileReference; lastKnownFileType = text.plist.strings; name = Base; path = itagone/Base.lproj/Localizable.strings; sourceTree = "<group>"; };
		41A5DA7C22FBFAFF00E6F94B /* String+localized.swift */ = {isa = PBXFileReference; lastKnownFileType = sourcecode.swift; path = "String+localized.swift"; sourceTree = "<group>"; };
		41A5DA7E22FC569100E6F94B /* BLETag1ViewController.swift */ = {isa = PBXFileReference; lastKnownFileType = sourcecode.swift; path = BLETag1ViewController.swift; sourceTree = "<group>"; };
		41A5DA8022FC56AA00E6F94B /* BLETags2ViewController.swift */ = {isa = PBXFileReference; lastKnownFileType = sourcecode.swift; path = BLETags2ViewController.swift; sourceTree = "<group>"; };
		41A5DA8222FC572800E6F94B /* BLETagViewController.swift */ = {isa = PBXFileReference; lastKnownFileType = sourcecode.swift; path = BLETagViewController.swift; sourceTree = "<group>"; };
		41A918242867C117001A3E48 /* secret.swift */ = {isa = PBXFileReference; lastKnownFileType = sourcecode.swift; path = secret.swift; sourceTree = "<group>"; };
		41C15A5822FAF0FC008A4521 /* BLETags0ViewController.swift */ = {isa = PBXFileReference; lastKnownFileType = sourcecode.swift; path = BLETags0ViewController.swift; sourceTree = "<group>"; };
		41C15A5B22FAF1A1008A4521 /* ru */ = {isa = PBXFileReference; lastKnownFileType = text.plist.strings; name = ru; path = ru.lproj/LaunchScreen.strings; sourceTree = "<group>"; };
		41C15A5C22FAF1B6008A4521 /* ar */ = {isa = PBXFileReference; lastKnownFileType = text.plist.strings; name = ar; path = ar.lproj/Main.strings; sourceTree = "<group>"; };
		41C15A5D22FAF1B6008A4521 /* ar */ = {isa = PBXFileReference; lastKnownFileType = text.plist.strings; name = ar; path = ar.lproj/LaunchScreen.strings; sourceTree = "<group>"; };
		41C15A5E22FAF1BC008A4521 /* it */ = {isa = PBXFileReference; lastKnownFileType = text.plist.strings; name = it; path = it.lproj/Main.strings; sourceTree = "<group>"; };
		41C15A5F22FAF1BC008A4521 /* it */ = {isa = PBXFileReference; lastKnownFileType = text.plist.strings; name = it; path = it.lproj/LaunchScreen.strings; sourceTree = "<group>"; };
		41DEB45424939A8400EAF6C3 /* AlertSound.swift */ = {isa = PBXFileReference; lastKnownFileType = sourcecode.swift; path = AlertSound.swift; sourceTree = "<group>"; };
		41DEB4562493B01400EAF6C3 /* VibrationDeafult.swift */ = {isa = PBXFileReference; lastKnownFileType = sourcecode.swift; path = VibrationDeafult.swift; sourceTree = "<group>"; };
		41F67BF422F932E300BCC628 /* itagone.app */ = {isa = PBXFileReference; explicitFileType = wrapper.application; includeInIndex = 0; path = itagone.app; sourceTree = BUILT_PRODUCTS_DIR; };
		41F67BF722F932E300BCC628 /* AppDelegate.swift */ = {isa = PBXFileReference; lastKnownFileType = sourcecode.swift; path = AppDelegate.swift; sourceTree = "<group>"; };
		41F67BF922F932E300BCC628 /* BLERootViewController.swift */ = {isa = PBXFileReference; lastKnownFileType = sourcecode.swift; path = BLERootViewController.swift; sourceTree = "<group>"; };
		41F67BFC22F932E300BCC628 /* Base */ = {isa = PBXFileReference; lastKnownFileType = file.storyboard; name = Base; path = Base.lproj/Main.storyboard; sourceTree = "<group>"; };
		41F67BFE22F932E500BCC628 /* Assets.xcassets */ = {isa = PBXFileReference; lastKnownFileType = folder.assetcatalog; path = Assets.xcassets; sourceTree = "<group>"; };
		41F67C0122F932E500BCC628 /* Base */ = {isa = PBXFileReference; lastKnownFileType = file.storyboard; name = Base; path = Base.lproj/LaunchScreen.storyboard; sourceTree = "<group>"; };
		41F67C0322F932E500BCC628 /* Info.plist */ = {isa = PBXFileReference; lastKnownFileType = text.plist.xml; path = Info.plist; sourceTree = "<group>"; };
		41F67C0822F932E500BCC628 /* itagoneTests.xctest */ = {isa = PBXFileReference; explicitFileType = wrapper.cfbundle; includeInIndex = 0; path = itagoneTests.xctest; sourceTree = BUILT_PRODUCTS_DIR; };
		41F67C0C22F932E500BCC628 /* itagoneTests.swift */ = {isa = PBXFileReference; lastKnownFileType = sourcecode.swift; path = itagoneTests.swift; sourceTree = "<group>"; };
		41F67C0E22F932E500BCC628 /* Info.plist */ = {isa = PBXFileReference; lastKnownFileType = text.plist.xml; path = Info.plist; sourceTree = "<group>"; };
		41F67C1322F932E500BCC628 /* itagoneUITests.xctest */ = {isa = PBXFileReference; explicitFileType = wrapper.cfbundle; includeInIndex = 0; path = itagoneUITests.xctest; sourceTree = BUILT_PRODUCTS_DIR; };
		41F67C1722F932E500BCC628 /* itagoneUITests.swift */ = {isa = PBXFileReference; lastKnownFileType = sourcecode.swift; path = itagoneUITests.swift; sourceTree = "<group>"; };
		41F67C1922F932E500BCC628 /* Info.plist */ = {isa = PBXFileReference; lastKnownFileType = text.plist.xml; path = Info.plist; sourceTree = "<group>"; };
		41F67C2622F93E6400BCC628 /* TagInterface.swift */ = {isa = PBXFileReference; lastKnownFileType = sourcecode.swift; path = TagInterface.swift; sourceTree = "<group>"; };
		41F67C2B22F98DD400BCC628 /* BLEInterface.swift */ = {isa = PBXFileReference; fileEncoding = 4; lastKnownFileType = sourcecode.swift; path = BLEInterface.swift; sourceTree = "<group>"; };
		41F67C2D22F990B300BCC628 /* BLEDefault.swift */ = {isa = PBXFileReference; lastKnownFileType = sourcecode.swift; path = BLEDefault.swift; sourceTree = "<group>"; };
		48DDEE96547DC74119412461 /* Pods-itagone-BLE.release.xcconfig */ = {isa = PBXFileReference; includeInIndex = 1; lastKnownFileType = text.xcconfig; name = "Pods-itagone-BLE.release.xcconfig"; path = "Target Support Files/Pods-itagone-BLE/Pods-itagone-BLE.release.xcconfig"; sourceTree = "<group>"; };
		49CF876F2D3FAE1289554C2C /* Pods-itagone-itagoneUITests.debug.xcconfig */ = {isa = PBXFileReference; includeInIndex = 1; lastKnownFileType = text.xcconfig; name = "Pods-itagone-itagoneUITests.debug.xcconfig"; path = "Target Support Files/Pods-itagone-itagoneUITests/Pods-itagone-itagoneUITests.debug.xcconfig"; sourceTree = "<group>"; };
		4E0441E22C139BAB37564597 /* Pods-itagoneTests.debug.xcconfig */ = {isa = PBXFileReference; includeInIndex = 1; lastKnownFileType = text.xcconfig; name = "Pods-itagoneTests.debug.xcconfig"; path = "Target Support Files/Pods-itagoneTests/Pods-itagoneTests.debug.xcconfig"; sourceTree = "<group>"; };
		51863BE7226A0B4B46323975 /* Pods-itagone.release.xcconfig */ = {isa = PBXFileReference; includeInIndex = 1; lastKnownFileType = text.xcconfig; name = "Pods-itagone.release.xcconfig"; path = "Target Support Files/Pods-itagone/Pods-itagone.release.xcconfig"; sourceTree = "<group>"; };
		5F27345852A3E8B05CFAF18C /* Pods-itagoneUITests.debug.xcconfig */ = {isa = PBXFileReference; includeInIndex = 1; lastKnownFileType = text.xcconfig; name = "Pods-itagoneUITests.debug.xcconfig"; path = "Target Support Files/Pods-itagoneUITests/Pods-itagoneUITests.debug.xcconfig"; sourceTree = "<group>"; };
		631AB3A4B54DB666B05ADECF /* Pods-itagone-itagoneUITests.release.xcconfig */ = {isa = PBXFileReference; includeInIndex = 1; lastKnownFileType = text.xcconfig; name = "Pods-itagone-itagoneUITests.release.xcconfig"; path = "Target Support Files/Pods-itagone-itagoneUITests/Pods-itagone-itagoneUITests.release.xcconfig"; sourceTree = "<group>"; };
		6F6566A97EF8C40A2CF1AD62 /* Pods-itagone-itagoneTests.release.xcconfig */ = {isa = PBXFileReference; includeInIndex = 1; lastKnownFileType = text.xcconfig; name = "Pods-itagone-itagoneTests.release.xcconfig"; path = "Target Support Files/Pods-itagone-itagoneTests/Pods-itagone-itagoneTests.release.xcconfig"; sourceTree = "<group>"; };
		72C8E62BD8311F8E0D200968 /* Pods-itagone.debug.xcconfig */ = {isa = PBXFileReference; includeInIndex = 1; lastKnownFileType = text.xcconfig; name = "Pods-itagone.debug.xcconfig"; path = "Target Support Files/Pods-itagone/Pods-itagone.debug.xcconfig"; sourceTree = "<group>"; };
		7975AA4C2FB05FE18B76001F /* Pods_itagone_itagoneUITests.framework */ = {isa = PBXFileReference; explicitFileType = wrapper.framework; includeInIndex = 0; path = Pods_itagone_itagoneUITests.framework; sourceTree = BUILT_PRODUCTS_DIR; };
		814836FCBAFA1B3BED5C9D38 /* Pods-itagone-BLE.debug.xcconfig */ = {isa = PBXFileReference; includeInIndex = 1; lastKnownFileType = text.xcconfig; name = "Pods-itagone-BLE.debug.xcconfig"; path = "Target Support Files/Pods-itagone-BLE/Pods-itagone-BLE.debug.xcconfig"; sourceTree = "<group>"; };
		8D436D91D48C97AFAA2AC1C5 /* Pods-itagoneTests.release.xcconfig */ = {isa = PBXFileReference; includeInIndex = 1; lastKnownFileType = text.xcconfig; name = "Pods-itagoneTests.release.xcconfig"; path = "Target Support Files/Pods-itagoneTests/Pods-itagoneTests.release.xcconfig"; sourceTree = "<group>"; };
		9D5738C26BF2B9546553AE90 /* Pods_itagone.framework */ = {isa = PBXFileReference; explicitFileType = wrapper.framework; includeInIndex = 0; path = Pods_itagone.framework; sourceTree = BUILT_PRODUCTS_DIR; };
		B097CD56D8E38E3FBE2C3C9C /* Pods-itagone-BLETests.release.xcconfig */ = {isa = PBXFileReference; includeInIndex = 1; lastKnownFileType = text.xcconfig; name = "Pods-itagone-BLETests.release.xcconfig"; path = "Target Support Files/Pods-itagone-BLETests/Pods-itagone-BLETests.release.xcconfig"; sourceTree = "<group>"; };
		D39D4DC1C4CC5842DCE16D05 /* Pods-itagone-itagoneTests.debug.xcconfig */ = {isa = PBXFileReference; includeInIndex = 1; lastKnownFileType = text.xcconfig; name = "Pods-itagone-itagoneTests.debug.xcconfig"; path = "Target Support Files/Pods-itagone-itagoneTests/Pods-itagone-itagoneTests.debug.xcconfig"; sourceTree = "<group>"; };
		D8F822B85EB450E107E1AAD1 /* Pods_itagone_itagoneTests.framework */ = {isa = PBXFileReference; explicitFileType = wrapper.framework; includeInIndex = 0; path = Pods_itagone_itagoneTests.framework; sourceTree = BUILT_PRODUCTS_DIR; };
		DE31FFD9F8D125B012D00030 /* Pods-itagoneUITests.release.xcconfig */ = {isa = PBXFileReference; includeInIndex = 1; lastKnownFileType = text.xcconfig; name = "Pods-itagoneUITests.release.xcconfig"; path = "Target Support Files/Pods-itagoneUITests/Pods-itagoneUITests.release.xcconfig"; sourceTree = "<group>"; };
		FF4D221C3341DD53A5BB6BE2 /* Pods_itagone_BLE.framework */ = {isa = PBXFileReference; explicitFileType = wrapper.framework; includeInIndex = 0; path = Pods_itagone_BLE.framework; sourceTree = BUILT_PRODUCTS_DIR; };
/* End PBXFileReference section */

/* Begin PBXFrameworksBuildPhase section */
		4177C95122FEAE4E003F4423 /* Frameworks */ = {
			isa = PBXFrameworksBuildPhase;
			buildActionMask = 2147483647;
			files = (
				01212336BC6112D6FB1B7343 /* Pods_itagone_BLE.framework in Frameworks */,
			);
			runOnlyForDeploymentPostprocessing = 0;
		};
		4177C95922FEAE4F003F4423 /* Frameworks */ = {
			isa = PBXFrameworksBuildPhase;
			buildActionMask = 2147483647;
			files = (
				4177C95D22FEAE4F003F4423 /* BLE.framework in Frameworks */,
				85F2946E0179EA55749B0FCD /* Pods_itagone_BLETests.framework in Frameworks */,
			);
			runOnlyForDeploymentPostprocessing = 0;
		};
		41F67BF122F932E300BCC628 /* Frameworks */ = {
			isa = PBXFrameworksBuildPhase;
			buildActionMask = 2147483647;
			files = (
				415B1C3324953906001C54B0 /* BLE.framework in Frameworks */,
				415B1C31249536F5001C54B0 /* Pods_itagone.framework in Frameworks */,
				FC0DECB1F5B5DB3529DDF1A8 /* (null) in Frameworks */,
			);
			runOnlyForDeploymentPostprocessing = 0;
		};
		41F67C0522F932E500BCC628 /* Frameworks */ = {
			isa = PBXFrameworksBuildPhase;
			buildActionMask = 2147483647;
			files = (
				4C0ED533A152DB5C0D9DDA0E /* Pods_itagone_itagoneTests.framework in Frameworks */,
			);
			runOnlyForDeploymentPostprocessing = 0;
		};
		41F67C1022F932E500BCC628 /* Frameworks */ = {
			isa = PBXFrameworksBuildPhase;
			buildActionMask = 2147483647;
			files = (
				8D230D20CB41957AC6D80A44 /* Pods_itagone_itagoneUITests.framework in Frameworks */,
			);
			runOnlyForDeploymentPostprocessing = 0;
		};
/* End PBXFrameworksBuildPhase section */

/* Begin PBXGroup section */
		07974E7050B9879110AA9CAE /* Pods */ = {
			isa = PBXGroup;
			children = (
				72C8E62BD8311F8E0D200968 /* Pods-itagone.debug.xcconfig */,
				51863BE7226A0B4B46323975 /* Pods-itagone.release.xcconfig */,
				49CF876F2D3FAE1289554C2C /* Pods-itagone-itagoneUITests.debug.xcconfig */,
				631AB3A4B54DB666B05ADECF /* Pods-itagone-itagoneUITests.release.xcconfig */,
				4E0441E22C139BAB37564597 /* Pods-itagoneTests.debug.xcconfig */,
				8D436D91D48C97AFAA2AC1C5 /* Pods-itagoneTests.release.xcconfig */,
				D39D4DC1C4CC5842DCE16D05 /* Pods-itagone-itagoneTests.debug.xcconfig */,
				6F6566A97EF8C40A2CF1AD62 /* Pods-itagone-itagoneTests.release.xcconfig */,
				5F27345852A3E8B05CFAF18C /* Pods-itagoneUITests.debug.xcconfig */,
				DE31FFD9F8D125B012D00030 /* Pods-itagoneUITests.release.xcconfig */,
				814836FCBAFA1B3BED5C9D38 /* Pods-itagone-BLE.debug.xcconfig */,
				48DDEE96547DC74119412461 /* Pods-itagone-BLE.release.xcconfig */,
				1F0D60180C556233B3540339 /* Pods-itagone-BLETests.debug.xcconfig */,
				B097CD56D8E38E3FBE2C3C9C /* Pods-itagone-BLETests.release.xcconfig */,
			);
			path = Pods;
			sourceTree = "<group>";
		};
		410B069E2300630A00590A4A /* internal */ = {
			isa = PBXGroup;
			children = (
				4177C97C22FEB0FE003F4423 /* BLEScannerDefault.swift */,
				4177C97E22FEB1C1003F4423 /* BLEScannerFactoryInterface.swift */,
				4177C98022FEB211003F4423 /* BLEScannerFactoryDefault.swift */,
				4177C98822FF12D2003F4423 /* BLEAlertDefault.swift */,
				4177C98E22FF1EAD003F4423 /* BLEAlertFactoryInterface.swift */,
				4177C99022FF1F3B003F4423 /* BLEAlertFactoryDefault.swift */,
				413682EA2301DF440073A45A /* BLEFindMeDefault.swift */,
				413682EC2301E0150073A45A /* BLEFindMeControlFactoryInterface.swift */,
				413682EE2301E0860073A45A /* BLEFindMeControlFactoryDefault.swift */,
				410B069F230063D000590A4A /* BLEConnectionsDefault.swift */,
				410B06A12300642D00590A4A /* BLEConnectionsFactoryInterface.swift */,
				410B06A32300671200590A4A /* BLEConnectionsFactoryDefault.swift */,
				410B06AD2301260400590A4A /* BLEConnectionsControlFactoryInterface.swift */,
				410B06AF2301266700590A4A /* BLEConnectionsControlFactoryDefault.swift */,
				4177C98422FEB433003F4423 /* BLEManagerObservablesInterface.swift */,
				4177C98222FEB39D003F4423 /* BLEManagerObservablesDefault.swift */,
				4177C99922FF558F003F4423 /* BLEPeripheralObservablesInterface.swift */,
				4177C99722FF53BC003F4423 /* BLEPeripheralObservablesDefault.swift */,
				4177C99B22FF5711003F4423 /* BLEPeripheralObservablesFactoryInterface.swift */,
				4177C99D22FF5760003F4423 /* BLEPeripheralObservablesFactoryDefault.swift */,
				4177C94522FEA637003F4423 /* BLEConnectionInterface.swift */,
				4177C94722FEA680003F4423 /* BLEConnnectionDefault.swift */,
				4177C94922FEAA18003F4423 /* BLEConnectionFactoryInterface.swift */,
				4177C94B22FEAA62003F4423 /* BLEConnectionFactoryDefault.swift */,
				4177C99F22FF6A01003F4423 /* BLEConnectionsStoreInterface.swift */,
				4177C9A122FF6A47003F4423 /* BLEConnectionsStoreDefault.swift */,
				4177C9A322FF6D46003F4423 /* BLEConnectionsStoreFactoryInterface.swift */,
				4177C9A522FF6D9E003F4423 /* BLEConnectionsStoreFactoryDefault.swift */,
				410B06A5230087C900590A4A /* constants.swift */,
			);
			path = internal;
			sourceTree = "<group>";
		};
		415B1C3624956124001C54B0 /* waytoday */ = {
			isa = PBXGroup;
			children = (
				41A918242867C117001A3E48 /* secret.swift */,
				411C13822523074F00CC389B /* provider.swift */,
			);
			path = waytoday;
			sourceTree = "<group>";
		};
		415B1C3F24956A98001C54B0 /* base */ = {
			isa = PBXGroup;
			children = (
				415B1C3D24956A26001C54B0 /* Bool.swift */,
				415B1C4024956ACA001C54B0 /* Any.swift */,
				415B1C4224957356001C54B0 /* Int.swift */,
				415B1C4424957847001C54B0 /* String.swift */,
				415B1C512496968B001C54B0 /* Double.swift */,
			);
			path = base;
			sourceTree = "<group>";
		};
		415B1C4C24965C79001C54B0 /* logger */ = {
			isa = PBXGroup;
			children = (
				415B1C4D24965C90001C54B0 /* Logger.swift */,
			);
			path = logger;
			sourceTree = "<group>";
		};
		4177C95522FEAE4E003F4423 /* BLE */ = {
			isa = PBXGroup;
			children = (
				4177C95722FEAE4E003F4423 /* Info.plist */,
				4177C95622FEAE4E003F4423 /* BLE.h */,
				41F67C2B22F98DD400BCC628 /* BLEInterface.swift */,
				41F67C2D22F990B300BCC628 /* BLEDefault.swift */,
				4177C98622FF11E3003F4423 /* BLEAlertInterface.swift */,
				4177C94D22FEAD82003F4423 /* BLEScannerInterface.swift */,
				413682E82301CD850073A45A /* BLEFindMeInterface.swift */,
				410B069C230062DC00590A4A /* BLEConnectionsInterface.swift */,
				410B069E2300630A00590A4A /* internal */,
				4177C99222FF2D64003F4423 /* extenstions */,
			);
			path = BLE;
			sourceTree = "<group>";
		};
		4177C96222FEAE4F003F4423 /* BLETests */ = {
			isa = PBXGroup;
			children = (
				4177C96322FEAE4F003F4423 /* BLETests.swift */,
				4177C96522FEAE4F003F4423 /* Info.plist */,
			);
			path = BLETests;
			sourceTree = "<group>";
		};
		4177C99222FF2D64003F4423 /* extenstions */ = {
			isa = PBXGroup;
			children = (
				4177C99322FF2D7F003F4423 /* Int+extenstions.swift */,
				4104166B2302D4D30091E288 /* Float+extenstions.swift */,
			);
			path = extenstions;
			sourceTree = "<group>";
		};
		41A5DA6622FB5DD600E6F94B /* views */ = {
			isa = PBXGroup;
			children = (
				41A5DA6722FB5E1B00E6F94B /* PeripheralTableViewCell.swift */,
				41A5DA6822FB5E1B00E6F94B /* PeripheralTableViewCell.xib */,
				413682DE230178480073A45A /* IndicatorTableViewCell.swift */,
				413682DF230178480073A45A /* IndicatorTableViewCell.xib */,
			);
			path = views;
			sourceTree = "<group>";
		};
		41A5DA7B22FBFAD700E6F94B /* extensions */ = {
			isa = PBXGroup;
			children = (
				41A5DA7C22FBFAFF00E6F94B /* String+localized.swift */,
				410416672302C8190091E288 /* Int+extenstions.swift */,
				413682E42301B5D60073A45A /* Float+extenstions.swift */,
				410416692302D4510091E288 /* Double+extenstions.swift */,
			);
			path = extensions;
			sourceTree = "<group>";
		};
		41C15A5722FAF07E008A4521 /* controllers */ = {
			isa = PBXGroup;
			children = (
				41F67BF922F932E300BCC628 /* BLERootViewController.swift */,
				41C15A5822FAF0FC008A4521 /* BLETags0ViewController.swift */,
				41A5DA6222FB1DD800E6F94B /* BLEScanViewController.swift */,
				41A5DA6422FB5AB500E6F94B /* PeripheralsTableViewController.swift */,
				41A5DA7E22FC569100E6F94B /* BLETag1ViewController.swift */,
				41A5DA8022FC56AA00E6F94B /* BLETags2ViewController.swift */,
				41A5DA8222FC572800E6F94B /* BLETagViewController.swift */,
			);
			path = controllers;
			sourceTree = "<group>";
		};
		41DEB45324939A5B00EAF6C3 /* preferences */ = {
			isa = PBXGroup;
			children = (
				415B1C3F24956A98001C54B0 /* base */,
				41DEB45424939A8400EAF6C3 /* AlertSound.swift */,
				415B1C4F24969508001C54B0 /* LastSeenLocation.swift */,
			);
			path = preferences;
			sourceTree = "<group>";
		};
		41F67BEB22F932E300BCC628 = {
			isa = PBXGroup;
			children = (
				415B1C4A24960E58001C54B0 /* InfoPlist.strings */,
				41A5DA7722FBF95800E6F94B /* Localizable.strings */,
				41F67BF622F932E300BCC628 /* itagone */,
				41F67C0B22F932E500BCC628 /* itagoneTests */,
				41F67C1622F932E500BCC628 /* itagoneUITests */,
				4177C95522FEAE4E003F4423 /* BLE */,
				4177C96222FEAE4F003F4423 /* BLETests */,
				41F67BF522F932E300BCC628 /* Products */,
				07974E7050B9879110AA9CAE /* Pods */,
				7435D10E9C860F061AD2ADA4 /* Frameworks */,
			);
			sourceTree = "<group>";
		};
		41F67BF522F932E300BCC628 /* Products */ = {
			isa = PBXGroup;
			children = (
				41F67BF422F932E300BCC628 /* itagone.app */,
				41F67C0822F932E500BCC628 /* itagoneTests.xctest */,
				41F67C1322F932E500BCC628 /* itagoneUITests.xctest */,
				4177C95422FEAE4E003F4423 /* BLE.framework */,
				4177C95C22FEAE4F003F4423 /* BLETests.xctest */,
			);
			name = Products;
			sourceTree = "<group>";
		};
		41F67BF622F932E300BCC628 /* itagone */ = {
			isa = PBXGroup;
			children = (
				415B1C4C24965C79001C54B0 /* logger */,
				415B1C3624956124001C54B0 /* waytoday */,
				41DEB45324939A5B00EAF6C3 /* preferences */,
				41A5DA7B22FBFAD700E6F94B /* extensions */,
				41A5DA6622FB5DD600E6F94B /* views */,
				41C15A5722FAF07E008A4521 /* controllers */,
				41F67C2522F9379A00BCC628 /* tags */,
				41F67BF722F932E300BCC628 /* AppDelegate.swift */,
				41F67BFB22F932E300BCC628 /* Main.storyboard */,
				41F67BFE22F932E500BCC628 /* Assets.xcassets */,
				41F67C0022F932E500BCC628 /* LaunchScreen.storyboard */,
				41F67C0322F932E500BCC628 /* Info.plist */,
				4177C99522FF3F6D003F4423 /* constants.swift */,
				413682E62301B94E0073A45A /* SoundDefault.swift */,
				41DEB4562493B01400EAF6C3 /* VibrationDeafult.swift */,
			);
			path = itagone;
			sourceTree = "<group>";
		};
		41F67C0B22F932E500BCC628 /* itagoneTests */ = {
			isa = PBXGroup;
			children = (
				41F67C0C22F932E500BCC628 /* itagoneTests.swift */,
				41F67C0E22F932E500BCC628 /* Info.plist */,
			);
			path = itagoneTests;
			sourceTree = "<group>";
		};
		41F67C1622F932E500BCC628 /* itagoneUITests */ = {
			isa = PBXGroup;
			children = (
				41F67C1722F932E500BCC628 /* itagoneUITests.swift */,
				41F67C1922F932E500BCC628 /* Info.plist */,
			);
			path = itagoneUITests;
			sourceTree = "<group>";
		};
		41F67C2522F9379A00BCC628 /* tags */ = {
			isa = PBXGroup;
			children = (
				41F67C2622F93E6400BCC628 /* TagInterface.swift */,
				41A5DA7122FBD7F900E6F94B /* TagDefault.swift */,
				41A5DA6D22FBD56C00E6F94B /* TagStoreInterface.swift */,
				41A5DA7522FBDAA700E6F94B /* TagStoreDefault.swift */,
				41A5DA6F22FBD6B400E6F94B /* TagFactoryInterface.swift */,
				41A5DA7322FBD85B00E6F94B /* TagFactoryDefault.swift */,
			);
			path = tags;
			sourceTree = "<group>";
		};
		7435D10E9C860F061AD2ADA4 /* Frameworks */ = {
			isa = PBXGroup;
			children = (
				415B1C2E24953686001C54B0 /* WayTodaySDK.framework */,
				D8F822B85EB450E107E1AAD1 /* Pods_itagone_itagoneTests.framework */,
				7975AA4C2FB05FE18B76001F /* Pods_itagone_itagoneUITests.framework */,
				FF4D221C3341DD53A5BB6BE2 /* Pods_itagone_BLE.framework */,
				1C12C0E8532E9AED0A879286 /* Pods_itagone_BLETests.framework */,
				9D5738C26BF2B9546553AE90 /* Pods_itagone.framework */,
			);
			name = Frameworks;
			sourceTree = "<group>";
		};
/* End PBXGroup section */

/* Begin PBXHeadersBuildPhase section */
		4177C94F22FEAE4E003F4423 /* Headers */ = {
			isa = PBXHeadersBuildPhase;
			buildActionMask = 2147483647;
			files = (
				4177C96622FEAE4F003F4423 /* BLE.h in Headers */,
			);
			runOnlyForDeploymentPostprocessing = 0;
		};
/* End PBXHeadersBuildPhase section */

/* Begin PBXNativeTarget section */
		4177C95322FEAE4E003F4423 /* BLE */ = {
			isa = PBXNativeTarget;
			buildConfigurationList = 4177C96B22FEAE4F003F4423 /* Build configuration list for PBXNativeTarget "BLE" */;
			buildPhases = (
				B20CE6A6FC28CEC1C5C7F2F2 /* [CP] Check Pods Manifest.lock */,
				4177C94F22FEAE4E003F4423 /* Headers */,
				4177C95022FEAE4E003F4423 /* Sources */,
				4177C95122FEAE4E003F4423 /* Frameworks */,
				4177C95222FEAE4E003F4423 /* Resources */,
			);
			buildRules = (
			);
			dependencies = (
			);
			name = BLE;
			productName = BLE;
			productReference = 4177C95422FEAE4E003F4423 /* BLE.framework */;
			productType = "com.apple.product-type.framework";
		};
		4177C95B22FEAE4F003F4423 /* BLETests */ = {
			isa = PBXNativeTarget;
			buildConfigurationList = 4177C96F22FEAE4F003F4423 /* Build configuration list for PBXNativeTarget "BLETests" */;
			buildPhases = (
				9FDAA61925C15025444EF2EC /* [CP] Check Pods Manifest.lock */,
				4177C95822FEAE4F003F4423 /* Sources */,
				4177C95922FEAE4F003F4423 /* Frameworks */,
				4177C95A22FEAE4F003F4423 /* Resources */,
				DF05AE3B41FBE85CD4541046 /* [CP] Embed Pods Frameworks */,
			);
			buildRules = (
			);
			dependencies = (
				4177C95F22FEAE4F003F4423 /* PBXTargetDependency */,
				4177C96122FEAE4F003F4423 /* PBXTargetDependency */,
			);
			name = BLETests;
			productName = BLETests;
			productReference = 4177C95C22FEAE4F003F4423 /* BLETests.xctest */;
			productType = "com.apple.product-type.bundle.unit-test";
		};
		41F67BF322F932E300BCC628 /* itagone */ = {
			isa = PBXNativeTarget;
			buildConfigurationList = 41F67C1C22F932E500BCC628 /* Build configuration list for PBXNativeTarget "itagone" */;
			buildPhases = (
				070151DBBB800E36724270F0 /* [CP] Check Pods Manifest.lock */,
				41F67BF022F932E300BCC628 /* Sources */,
				41F67BF122F932E300BCC628 /* Frameworks */,
				41F67BF222F932E300BCC628 /* Resources */,
				FA3E28FECC982C4E8D19077B /* [CP] Embed Pods Frameworks */,
				415B1C3524953906001C54B0 /* Embed Frameworks */,
			);
			buildRules = (
			);
			dependencies = (
				4177C96822FEAE4F003F4423 /* PBXTargetDependency */,
			);
			name = itagone;
			productName = itagone;
			productReference = 41F67BF422F932E300BCC628 /* itagone.app */;
			productType = "com.apple.product-type.application";
		};
		41F67C0722F932E500BCC628 /* itagoneTests */ = {
			isa = PBXNativeTarget;
			buildConfigurationList = 41F67C1F22F932E600BCC628 /* Build configuration list for PBXNativeTarget "itagoneTests" */;
			buildPhases = (
				CA15745C18AC96CC1FD7AAA5 /* [CP] Check Pods Manifest.lock */,
				41F67C0422F932E500BCC628 /* Sources */,
				41F67C0522F932E500BCC628 /* Frameworks */,
				41F67C0622F932E500BCC628 /* Resources */,
				45A49824F3A3BBA311FA2DC6 /* [CP] Embed Pods Frameworks */,
			);
			buildRules = (
			);
			dependencies = (
				41F67C0A22F932E500BCC628 /* PBXTargetDependency */,
			);
			name = itagoneTests;
			productName = itagoneTests;
			productReference = 41F67C0822F932E500BCC628 /* itagoneTests.xctest */;
			productType = "com.apple.product-type.bundle.unit-test";
		};
		41F67C1222F932E500BCC628 /* itagoneUITests */ = {
			isa = PBXNativeTarget;
			buildConfigurationList = 41F67C2222F932E600BCC628 /* Build configuration list for PBXNativeTarget "itagoneUITests" */;
			buildPhases = (
				086129BE6572687212FDC9A7 /* [CP] Check Pods Manifest.lock */,
				41F67C0F22F932E500BCC628 /* Sources */,
				41F67C1022F932E500BCC628 /* Frameworks */,
				41F67C1122F932E500BCC628 /* Resources */,
				2D34195279965CDA1D43F1D9 /* [CP] Embed Pods Frameworks */,
			);
			buildRules = (
			);
			dependencies = (
				41F67C1522F932E500BCC628 /* PBXTargetDependency */,
			);
			name = itagoneUITests;
			productName = itagoneUITests;
			productReference = 41F67C1322F932E500BCC628 /* itagoneUITests.xctest */;
			productType = "com.apple.product-type.bundle.ui-testing";
		};
/* End PBXNativeTarget section */

/* Begin PBXProject section */
		41F67BEC22F932E300BCC628 /* Project object */ = {
			isa = PBXProject;
			attributes = {
				LastSwiftUpdateCheck = 1030;
				LastUpgradeCheck = 1030;
				ORGANIZATIONNAME = " Sergey Dolin";
				TargetAttributes = {
					4177C95322FEAE4E003F4423 = {
						CreatedOnToolsVersion = 10.3;
					};
					4177C95B22FEAE4F003F4423 = {
						CreatedOnToolsVersion = 10.3;
						TestTargetID = 41F67BF322F932E300BCC628;
					};
					41F67BF322F932E300BCC628 = {
						CreatedOnToolsVersion = 10.3;
						SystemCapabilities = {
							com.apple.BackgroundModes = {
								enabled = 1;
							};
						};
					};
					41F67C0722F932E500BCC628 = {
						CreatedOnToolsVersion = 10.3;
						TestTargetID = 41F67BF322F932E300BCC628;
					};
					41F67C1222F932E500BCC628 = {
						CreatedOnToolsVersion = 10.3;
						TestTargetID = 41F67BF322F932E300BCC628;
					};
				};
			};
			buildConfigurationList = 41F67BEF22F932E300BCC628 /* Build configuration list for PBXProject "itagone" */;
			compatibilityVersion = "Xcode 10.0";
			developmentRegion = en;
			hasScannedForEncodings = 0;
			knownRegions = (
				en,
				Base,
				ru,
				ar,
				it,
				"zh-Hans",
			);
			mainGroup = 41F67BEB22F932E300BCC628;
			productRefGroup = 41F67BF522F932E300BCC628 /* Products */;
			projectDirPath = "";
			projectRoot = "";
			targets = (
				41F67BF322F932E300BCC628 /* itagone */,
				41F67C0722F932E500BCC628 /* itagoneTests */,
				41F67C1222F932E500BCC628 /* itagoneUITests */,
				4177C95322FEAE4E003F4423 /* BLE */,
				4177C95B22FEAE4F003F4423 /* BLETests */,
			);
		};
/* End PBXProject section */

/* Begin PBXResourcesBuildPhase section */
		4177C95222FEAE4E003F4423 /* Resources */ = {
			isa = PBXResourcesBuildPhase;
			buildActionMask = 2147483647;
			files = (
			);
			runOnlyForDeploymentPostprocessing = 0;
		};
		4177C95A22FEAE4F003F4423 /* Resources */ = {
			isa = PBXResourcesBuildPhase;
			buildActionMask = 2147483647;
			files = (
			);
			runOnlyForDeploymentPostprocessing = 0;
		};
		41F67BF222F932E300BCC628 /* Resources */ = {
			isa = PBXResourcesBuildPhase;
			buildActionMask = 2147483647;
			files = (
				41A5DA7922FBF95800E6F94B /* Localizable.strings in Resources */,
				415B1C4824960E58001C54B0 /* InfoPlist.strings in Resources */,
				41F67C0222F932E500BCC628 /* LaunchScreen.storyboard in Resources */,
				41F67BFF22F932E500BCC628 /* Assets.xcassets in Resources */,
				41F67BFD22F932E300BCC628 /* Main.storyboard in Resources */,
				41A5DA6A22FB5E1B00E6F94B /* PeripheralTableViewCell.xib in Resources */,
				413682E1230178480073A45A /* IndicatorTableViewCell.xib in Resources */,
			);
			runOnlyForDeploymentPostprocessing = 0;
		};
		41F67C0622F932E500BCC628 /* Resources */ = {
			isa = PBXResourcesBuildPhase;
			buildActionMask = 2147483647;
			files = (
			);
			runOnlyForDeploymentPostprocessing = 0;
		};
		41F67C1122F932E500BCC628 /* Resources */ = {
			isa = PBXResourcesBuildPhase;
			buildActionMask = 2147483647;
			files = (
			);
			runOnlyForDeploymentPostprocessing = 0;
		};
/* End PBXResourcesBuildPhase section */

/* Begin PBXShellScriptBuildPhase section */
		070151DBBB800E36724270F0 /* [CP] Check Pods Manifest.lock */ = {
			isa = PBXShellScriptBuildPhase;
			buildActionMask = 2147483647;
			files = (
			);
			inputFileListPaths = (
			);
			inputPaths = (
				"${PODS_PODFILE_DIR_PATH}/Podfile.lock",
				"${PODS_ROOT}/Manifest.lock",
			);
			name = "[CP] Check Pods Manifest.lock";
			outputFileListPaths = (
			);
			outputPaths = (
				"$(DERIVED_FILE_DIR)/Pods-itagone-checkManifestLockResult.txt",
			);
			runOnlyForDeploymentPostprocessing = 0;
			shellPath = /bin/sh;
			shellScript = "diff \"${PODS_PODFILE_DIR_PATH}/Podfile.lock\" \"${PODS_ROOT}/Manifest.lock\" > /dev/null\nif [ $? != 0 ] ; then\n    # print error to STDERR\n    echo \"error: The sandbox is not in sync with the Podfile.lock. Run 'pod install' or update your CocoaPods installation.\" >&2\n    exit 1\nfi\n# This output is used by Xcode 'outputs' to avoid re-running this script phase.\necho \"SUCCESS\" > \"${SCRIPT_OUTPUT_FILE_0}\"\n";
			showEnvVarsInLog = 0;
		};
		086129BE6572687212FDC9A7 /* [CP] Check Pods Manifest.lock */ = {
			isa = PBXShellScriptBuildPhase;
			buildActionMask = 2147483647;
			files = (
			);
			inputFileListPaths = (
			);
			inputPaths = (
				"${PODS_PODFILE_DIR_PATH}/Podfile.lock",
				"${PODS_ROOT}/Manifest.lock",
			);
			name = "[CP] Check Pods Manifest.lock";
			outputFileListPaths = (
			);
			outputPaths = (
				"$(DERIVED_FILE_DIR)/Pods-itagone-itagoneUITests-checkManifestLockResult.txt",
			);
			runOnlyForDeploymentPostprocessing = 0;
			shellPath = /bin/sh;
			shellScript = "diff \"${PODS_PODFILE_DIR_PATH}/Podfile.lock\" \"${PODS_ROOT}/Manifest.lock\" > /dev/null\nif [ $? != 0 ] ; then\n    # print error to STDERR\n    echo \"error: The sandbox is not in sync with the Podfile.lock. Run 'pod install' or update your CocoaPods installation.\" >&2\n    exit 1\nfi\n# This output is used by Xcode 'outputs' to avoid re-running this script phase.\necho \"SUCCESS\" > \"${SCRIPT_OUTPUT_FILE_0}\"\n";
			showEnvVarsInLog = 0;
		};
		2D34195279965CDA1D43F1D9 /* [CP] Embed Pods Frameworks */ = {
			isa = PBXShellScriptBuildPhase;
			buildActionMask = 2147483647;
			files = (
			);
			inputFileListPaths = (
				"${PODS_ROOT}/Target Support Files/Pods-itagone-itagoneUITests/Pods-itagone-itagoneUITests-frameworks-${CONFIGURATION}-input-files.xcfilelist",
			);
			name = "[CP] Embed Pods Frameworks";
			outputFileListPaths = (
				"${PODS_ROOT}/Target Support Files/Pods-itagone-itagoneUITests/Pods-itagone-itagoneUITests-frameworks-${CONFIGURATION}-output-files.xcfilelist",
			);
			runOnlyForDeploymentPostprocessing = 0;
			shellPath = /bin/sh;
			shellScript = "\"${PODS_ROOT}/Target Support Files/Pods-itagone-itagoneUITests/Pods-itagone-itagoneUITests-frameworks.sh\"\n";
			showEnvVarsInLog = 0;
		};
		45A49824F3A3BBA311FA2DC6 /* [CP] Embed Pods Frameworks */ = {
			isa = PBXShellScriptBuildPhase;
			buildActionMask = 2147483647;
			files = (
			);
			inputFileListPaths = (
				"${PODS_ROOT}/Target Support Files/Pods-itagone-itagoneTests/Pods-itagone-itagoneTests-frameworks-${CONFIGURATION}-input-files.xcfilelist",
			);
			name = "[CP] Embed Pods Frameworks";
			outputFileListPaths = (
				"${PODS_ROOT}/Target Support Files/Pods-itagone-itagoneTests/Pods-itagone-itagoneTests-frameworks-${CONFIGURATION}-output-files.xcfilelist",
			);
			runOnlyForDeploymentPostprocessing = 0;
			shellPath = /bin/sh;
			shellScript = "\"${PODS_ROOT}/Target Support Files/Pods-itagone-itagoneTests/Pods-itagone-itagoneTests-frameworks.sh\"\n";
			showEnvVarsInLog = 0;
		};
		9FDAA61925C15025444EF2EC /* [CP] Check Pods Manifest.lock */ = {
			isa = PBXShellScriptBuildPhase;
			buildActionMask = 2147483647;
			files = (
			);
			inputFileListPaths = (
			);
			inputPaths = (
				"${PODS_PODFILE_DIR_PATH}/Podfile.lock",
				"${PODS_ROOT}/Manifest.lock",
			);
			name = "[CP] Check Pods Manifest.lock";
			outputFileListPaths = (
			);
			outputPaths = (
				"$(DERIVED_FILE_DIR)/Pods-itagone-BLETests-checkManifestLockResult.txt",
			);
			runOnlyForDeploymentPostprocessing = 0;
			shellPath = /bin/sh;
			shellScript = "diff \"${PODS_PODFILE_DIR_PATH}/Podfile.lock\" \"${PODS_ROOT}/Manifest.lock\" > /dev/null\nif [ $? != 0 ] ; then\n    # print error to STDERR\n    echo \"error: The sandbox is not in sync with the Podfile.lock. Run 'pod install' or update your CocoaPods installation.\" >&2\n    exit 1\nfi\n# This output is used by Xcode 'outputs' to avoid re-running this script phase.\necho \"SUCCESS\" > \"${SCRIPT_OUTPUT_FILE_0}\"\n";
			showEnvVarsInLog = 0;
		};
		B20CE6A6FC28CEC1C5C7F2F2 /* [CP] Check Pods Manifest.lock */ = {
			isa = PBXShellScriptBuildPhase;
			buildActionMask = 2147483647;
			files = (
			);
			inputFileListPaths = (
			);
			inputPaths = (
				"${PODS_PODFILE_DIR_PATH}/Podfile.lock",
				"${PODS_ROOT}/Manifest.lock",
			);
			name = "[CP] Check Pods Manifest.lock";
			outputFileListPaths = (
			);
			outputPaths = (
				"$(DERIVED_FILE_DIR)/Pods-itagone-BLE-checkManifestLockResult.txt",
			);
			runOnlyForDeploymentPostprocessing = 0;
			shellPath = /bin/sh;
			shellScript = "diff \"${PODS_PODFILE_DIR_PATH}/Podfile.lock\" \"${PODS_ROOT}/Manifest.lock\" > /dev/null\nif [ $? != 0 ] ; then\n    # print error to STDERR\n    echo \"error: The sandbox is not in sync with the Podfile.lock. Run 'pod install' or update your CocoaPods installation.\" >&2\n    exit 1\nfi\n# This output is used by Xcode 'outputs' to avoid re-running this script phase.\necho \"SUCCESS\" > \"${SCRIPT_OUTPUT_FILE_0}\"\n";
			showEnvVarsInLog = 0;
		};
		CA15745C18AC96CC1FD7AAA5 /* [CP] Check Pods Manifest.lock */ = {
			isa = PBXShellScriptBuildPhase;
			buildActionMask = 2147483647;
			files = (
			);
			inputFileListPaths = (
			);
			inputPaths = (
				"${PODS_PODFILE_DIR_PATH}/Podfile.lock",
				"${PODS_ROOT}/Manifest.lock",
			);
			name = "[CP] Check Pods Manifest.lock";
			outputFileListPaths = (
			);
			outputPaths = (
				"$(DERIVED_FILE_DIR)/Pods-itagone-itagoneTests-checkManifestLockResult.txt",
			);
			runOnlyForDeploymentPostprocessing = 0;
			shellPath = /bin/sh;
			shellScript = "diff \"${PODS_PODFILE_DIR_PATH}/Podfile.lock\" \"${PODS_ROOT}/Manifest.lock\" > /dev/null\nif [ $? != 0 ] ; then\n    # print error to STDERR\n    echo \"error: The sandbox is not in sync with the Podfile.lock. Run 'pod install' or update your CocoaPods installation.\" >&2\n    exit 1\nfi\n# This output is used by Xcode 'outputs' to avoid re-running this script phase.\necho \"SUCCESS\" > \"${SCRIPT_OUTPUT_FILE_0}\"\n";
			showEnvVarsInLog = 0;
		};
		DF05AE3B41FBE85CD4541046 /* [CP] Embed Pods Frameworks */ = {
			isa = PBXShellScriptBuildPhase;
			buildActionMask = 2147483647;
			files = (
			);
			inputFileListPaths = (
				"${PODS_ROOT}/Target Support Files/Pods-itagone-BLETests/Pods-itagone-BLETests-frameworks-${CONFIGURATION}-input-files.xcfilelist",
			);
			name = "[CP] Embed Pods Frameworks";
			outputFileListPaths = (
				"${PODS_ROOT}/Target Support Files/Pods-itagone-BLETests/Pods-itagone-BLETests-frameworks-${CONFIGURATION}-output-files.xcfilelist",
			);
			runOnlyForDeploymentPostprocessing = 0;
			shellPath = /bin/sh;
			shellScript = "\"${PODS_ROOT}/Target Support Files/Pods-itagone-BLETests/Pods-itagone-BLETests-frameworks.sh\"\n";
			showEnvVarsInLog = 0;
		};
		FA3E28FECC982C4E8D19077B /* [CP] Embed Pods Frameworks */ = {
			isa = PBXShellScriptBuildPhase;
			buildActionMask = 2147483647;
			files = (
			);
			inputFileListPaths = (
				"${PODS_ROOT}/Target Support Files/Pods-itagone/Pods-itagone-frameworks-${CONFIGURATION}-input-files.xcfilelist",
			);
			name = "[CP] Embed Pods Frameworks";
			outputFileListPaths = (
				"${PODS_ROOT}/Target Support Files/Pods-itagone/Pods-itagone-frameworks-${CONFIGURATION}-output-files.xcfilelist",
			);
			runOnlyForDeploymentPostprocessing = 0;
			shellPath = /bin/sh;
			shellScript = "\"${PODS_ROOT}/Target Support Files/Pods-itagone/Pods-itagone-frameworks.sh\"\n";
			showEnvVarsInLog = 0;
		};
/* End PBXShellScriptBuildPhase section */

/* Begin PBXSourcesBuildPhase section */
		4177C95022FEAE4E003F4423 /* Sources */ = {
			isa = PBXSourcesBuildPhase;
			buildActionMask = 2147483647;
			files = (
				4177C99A22FF558F003F4423 /* BLEPeripheralObservablesInterface.swift in Sources */,
				410B06AE2301260400590A4A /* BLEConnectionsControlFactoryInterface.swift in Sources */,
				4177C99122FF1F3B003F4423 /* BLEAlertFactoryDefault.swift in Sources */,
				4177C97A22FEAE76003F4423 /* BLEInterface.swift in Sources */,
				4177C98922FF12D2003F4423 /* BLEAlertDefault.swift in Sources */,
				413682ED2301E0150073A45A /* BLEFindMeControlFactoryInterface.swift in Sources */,
				4104166C2302D4D30091E288 /* Float+extenstions.swift in Sources */,
				413682E92301CD850073A45A /* BLEFindMeInterface.swift in Sources */,
				413682EF2301E0860073A45A /* BLEFindMeControlFactoryDefault.swift in Sources */,
				4177C99822FF53BC003F4423 /* BLEPeripheralObservablesDefault.swift in Sources */,
				4177C9A622FF6D9E003F4423 /* BLEConnectionsStoreFactoryDefault.swift in Sources */,
				4177C99E22FF5760003F4423 /* BLEPeripheralObservablesFactoryDefault.swift in Sources */,
				4177C97522FEAE76003F4423 /* BLEConnectionFactoryInterface.swift in Sources */,
				4177C97D22FEB0FE003F4423 /* BLEScannerDefault.swift in Sources */,
				410B069D230062DC00590A4A /* BLEConnectionsInterface.swift in Sources */,
				410B06A22300642D00590A4A /* BLEConnectionsFactoryInterface.swift in Sources */,
				4177C98722FF11E3003F4423 /* BLEAlertInterface.swift in Sources */,
				410B06A42300671200590A4A /* BLEConnectionsFactoryDefault.swift in Sources */,
				4177C97F22FEB1C1003F4423 /* BLEScannerFactoryInterface.swift in Sources */,
				4177C97422FEAE76003F4423 /* BLEConnnectionDefault.swift in Sources */,
				4177C9A222FF6A47003F4423 /* BLEConnectionsStoreDefault.swift in Sources */,
				413682EB2301DF440073A45A /* BLEFindMeDefault.swift in Sources */,
				4177C99C22FF5711003F4423 /* BLEPeripheralObservablesFactoryInterface.swift in Sources */,
				4177C97922FEAE76003F4423 /* BLEDefault.swift in Sources */,
				4177C98522FEB433003F4423 /* BLEManagerObservablesInterface.swift in Sources */,
				4177C98322FEB39D003F4423 /* BLEManagerObservablesDefault.swift in Sources */,
				4177C9A422FF6D46003F4423 /* BLEConnectionsStoreFactoryInterface.swift in Sources */,
				4177C98122FEB211003F4423 /* BLEScannerFactoryDefault.swift in Sources */,
				4177C97622FEAE76003F4423 /* BLEConnectionFactoryDefault.swift in Sources */,
				410B06B02301266700590A4A /* BLEConnectionsControlFactoryDefault.swift in Sources */,
				410B06A6230087C900590A4A /* constants.swift in Sources */,
				4177C97722FEAE76003F4423 /* BLEScannerInterface.swift in Sources */,
				4177C98F22FF1EAD003F4423 /* BLEAlertFactoryInterface.swift in Sources */,
				4177C99422FF2D7F003F4423 /* Int+extenstions.swift in Sources */,
				410B06A0230063D000590A4A /* BLEConnectionsDefault.swift in Sources */,
				4177C97222FEAE76003F4423 /* BLEConnectionInterface.swift in Sources */,
				4177C9A022FF6A01003F4423 /* BLEConnectionsStoreInterface.swift in Sources */,
			);
			runOnlyForDeploymentPostprocessing = 0;
		};
		4177C95822FEAE4F003F4423 /* Sources */ = {
			isa = PBXSourcesBuildPhase;
			buildActionMask = 2147483647;
			files = (
				4177C96422FEAE4F003F4423 /* BLETests.swift in Sources */,
			);
			runOnlyForDeploymentPostprocessing = 0;
		};
		41F67BF022F932E300BCC628 /* Sources */ = {
			isa = PBXSourcesBuildPhase;
			buildActionMask = 2147483647;
			files = (
				415B1C4124956ACA001C54B0 /* Any.swift in Sources */,
				41F67C2722F93E6400BCC628 /* TagInterface.swift in Sources */,
				415B1C522496968B001C54B0 /* Double.swift in Sources */,
				415B1C4E24965C90001C54B0 /* Logger.swift in Sources */,
				415B1C5024969509001C54B0 /* LastSeenLocation.swift in Sources */,
				41F67BFA22F932E300BCC628 /* BLERootViewController.swift in Sources */,
				41A5DA7D22FBFAFF00E6F94B /* String+localized.swift in Sources */,
				41A5DA7022FBD6B400E6F94B /* TagFactoryInterface.swift in Sources */,
				411C13832523074F00CC389B /* provider.swift in Sources */,
				41DEB45524939A8400EAF6C3 /* AlertSound.swift in Sources */,
				41A5DA6922FB5E1B00E6F94B /* PeripheralTableViewCell.swift in Sources */,
				415B1C4324957356001C54B0 /* Int.swift in Sources */,
				413682E0230178480073A45A /* IndicatorTableViewCell.swift in Sources */,
				41A5DA6E22FBD56C00E6F94B /* TagStoreInterface.swift in Sources */,
				41A918252867C117001A3E48 /* secret.swift in Sources */,
				415B1C4524957847001C54B0 /* String.swift in Sources */,
				41A5DA7F22FC569100E6F94B /* BLETag1ViewController.swift in Sources */,
				41F67BF822F932E300BCC628 /* AppDelegate.swift in Sources */,
				4104166A2302D4510091E288 /* Double+extenstions.swift in Sources */,
				41A5DA8122FC56AA00E6F94B /* BLETags2ViewController.swift in Sources */,
				41A5DA6322FB1DD800E6F94B /* BLEScanViewController.swift in Sources */,
				41A5DA7222FBD7F900E6F94B /* TagDefault.swift in Sources */,
				41A5DA8322FC572800E6F94B /* BLETagViewController.swift in Sources */,
				413682E52301B5D60073A45A /* Float+extenstions.swift in Sources */,
				41A5DA6522FB5AB500E6F94B /* PeripheralsTableViewController.swift in Sources */,
				415B1C3E24956A26001C54B0 /* Bool.swift in Sources */,
				413682E72301B94E0073A45A /* SoundDefault.swift in Sources */,
				41A5DA7422FBD85B00E6F94B /* TagFactoryDefault.swift in Sources */,
				41A5DA7622FBDAA700E6F94B /* TagStoreDefault.swift in Sources */,
				41C15A5922FAF0FC008A4521 /* BLETags0ViewController.swift in Sources */,
				41DEB4572493B01400EAF6C3 /* VibrationDeafult.swift in Sources */,
				410416682302C8190091E288 /* Int+extenstions.swift in Sources */,
				4177C99622FF3F6D003F4423 /* constants.swift in Sources */,
			);
			runOnlyForDeploymentPostprocessing = 0;
		};
		41F67C0422F932E500BCC628 /* Sources */ = {
			isa = PBXSourcesBuildPhase;
			buildActionMask = 2147483647;
			files = (
				41F67C0D22F932E500BCC628 /* itagoneTests.swift in Sources */,
			);
			runOnlyForDeploymentPostprocessing = 0;
		};
		41F67C0F22F932E500BCC628 /* Sources */ = {
			isa = PBXSourcesBuildPhase;
			buildActionMask = 2147483647;
			files = (
				41F67C1822F932E500BCC628 /* itagoneUITests.swift in Sources */,
			);
			runOnlyForDeploymentPostprocessing = 0;
		};
/* End PBXSourcesBuildPhase section */

/* Begin PBXTargetDependency section */
		4177C95F22FEAE4F003F4423 /* PBXTargetDependency */ = {
			isa = PBXTargetDependency;
			target = 4177C95322FEAE4E003F4423 /* BLE */;
			targetProxy = 4177C95E22FEAE4F003F4423 /* PBXContainerItemProxy */;
		};
		4177C96122FEAE4F003F4423 /* PBXTargetDependency */ = {
			isa = PBXTargetDependency;
			target = 41F67BF322F932E300BCC628 /* itagone */;
			targetProxy = 4177C96022FEAE4F003F4423 /* PBXContainerItemProxy */;
		};
		4177C96822FEAE4F003F4423 /* PBXTargetDependency */ = {
			isa = PBXTargetDependency;
			target = 4177C95322FEAE4E003F4423 /* BLE */;
			targetProxy = 4177C96722FEAE4F003F4423 /* PBXContainerItemProxy */;
		};
		41F67C0A22F932E500BCC628 /* PBXTargetDependency */ = {
			isa = PBXTargetDependency;
			target = 41F67BF322F932E300BCC628 /* itagone */;
			targetProxy = 41F67C0922F932E500BCC628 /* PBXContainerItemProxy */;
		};
		41F67C1522F932E500BCC628 /* PBXTargetDependency */ = {
			isa = PBXTargetDependency;
			target = 41F67BF322F932E300BCC628 /* itagone */;
			targetProxy = 41F67C1422F932E500BCC628 /* PBXContainerItemProxy */;
		};
/* End PBXTargetDependency section */

/* Begin PBXVariantGroup section */
		415B1C4A24960E58001C54B0 /* InfoPlist.strings */ = {
			isa = PBXVariantGroup;
			children = (
				41370E3F252B17AC008603AD /* ru */,
				41370E41252B17E4008603AD /* en */,
			);
			name = InfoPlist.strings;
			path = itagone;
			sourceTree = "<group>";
		};
		41A5DA7722FBF95800E6F94B /* Localizable.strings */ = {
			isa = PBXVariantGroup;
			children = (
				41A5DA7822FBF95800E6F94B /* Base */,
				41370E3E252B1766008603AD /* en */,
				41370E40252B17BD008603AD /* ru */,
			);
			name = Localizable.strings;
			sourceTree = "<group>";
		};
		41F67BFB22F932E300BCC628 /* Main.storyboard */ = {
			isa = PBXVariantGroup;
			children = (
				41F67BFC22F932E300BCC628 /* Base */,
				41C15A5C22FAF1B6008A4521 /* ar */,
				41C15A5E22FAF1BC008A4521 /* it */,
				41A5DA5D22FAF1DA00E6F94B /* zh-Hans */,
				41A5DA6122FB15D400E6F94B /* ru */,
				41370E39252B16FD008603AD /* en */,
			);
			name = Main.storyboard;
			sourceTree = "<group>";
		};
		41F67C0022F932E500BCC628 /* LaunchScreen.storyboard */ = {
			isa = PBXVariantGroup;
			children = (
				41F67C0122F932E500BCC628 /* Base */,
				41C15A5B22FAF1A1008A4521 /* ru */,
				41C15A5D22FAF1B6008A4521 /* ar */,
				41C15A5F22FAF1BC008A4521 /* it */,
				41A5DA5E22FAF1DA00E6F94B /* zh-Hans */,
				41370E37252B16DB008603AD /* en */,
			);
			name = LaunchScreen.storyboard;
			sourceTree = "<group>";
		};
/* End PBXVariantGroup section */

/* Begin XCBuildConfiguration section */
		4177C96C22FEAE4F003F4423 /* Debug */ = {
			isa = XCBuildConfiguration;
			baseConfigurationReference = 814836FCBAFA1B3BED5C9D38 /* Pods-itagone-BLE.debug.xcconfig */;
			buildSettings = {
				CODE_SIGN_IDENTITY = "";
				CODE_SIGN_STYLE = Automatic;
				CURRENT_PROJECT_VERSION = 1;
				DEFINES_MODULE = YES;
				DEVELOPMENT_TEAM = ZR995K5J82;
				DYLIB_COMPATIBILITY_VERSION = 1;
				DYLIB_CURRENT_VERSION = 1;
				DYLIB_INSTALL_NAME_BASE = "@rpath";
				INFOPLIST_FILE = BLE/Info.plist;
				INSTALL_PATH = "$(LOCAL_LIBRARY_DIR)/Frameworks";
				LD_RUNPATH_SEARCH_PATHS = (
					"$(inherited)",
					"@executable_path/Frameworks",
					"@loader_path/Frameworks",
				);
				PRODUCT_BUNDLE_IDENTIFIER = solutions.s4y.BLE;
				PRODUCT_NAME = "$(TARGET_NAME:c99extidentifier)";
				SKIP_INSTALL = YES;
				SUPPORTS_MACCATALYST = NO;
				SWIFT_VERSION = 5.0;
				TARGETED_DEVICE_FAMILY = "1,2";
				VERSIONING_SYSTEM = "apple-generic";
				VERSION_INFO_PREFIX = "";
			};
			name = Debug;
		};
		4177C96D22FEAE4F003F4423 /* Release */ = {
			isa = XCBuildConfiguration;
			baseConfigurationReference = 48DDEE96547DC74119412461 /* Pods-itagone-BLE.release.xcconfig */;
			buildSettings = {
				CODE_SIGN_IDENTITY = "";
				CODE_SIGN_STYLE = Automatic;
				CURRENT_PROJECT_VERSION = 1;
				DEFINES_MODULE = YES;
				DEVELOPMENT_TEAM = ZR995K5J82;
				DYLIB_COMPATIBILITY_VERSION = 1;
				DYLIB_CURRENT_VERSION = 1;
				DYLIB_INSTALL_NAME_BASE = "@rpath";
				INFOPLIST_FILE = BLE/Info.plist;
				INSTALL_PATH = "$(LOCAL_LIBRARY_DIR)/Frameworks";
				LD_RUNPATH_SEARCH_PATHS = (
					"$(inherited)",
					"@executable_path/Frameworks",
					"@loader_path/Frameworks",
				);
				PRODUCT_BUNDLE_IDENTIFIER = solutions.s4y.BLE;
				PRODUCT_NAME = "$(TARGET_NAME:c99extidentifier)";
				SKIP_INSTALL = YES;
				SUPPORTS_MACCATALYST = NO;
				SWIFT_VERSION = 5.0;
				TARGETED_DEVICE_FAMILY = "1,2";
				VERSIONING_SYSTEM = "apple-generic";
				VERSION_INFO_PREFIX = "";
			};
			name = Release;
		};
		4177C97022FEAE4F003F4423 /* Debug */ = {
			isa = XCBuildConfiguration;
			baseConfigurationReference = 1F0D60180C556233B3540339 /* Pods-itagone-BLETests.debug.xcconfig */;
			buildSettings = {
				ALWAYS_EMBED_SWIFT_STANDARD_LIBRARIES = "$(inherited)";
				CODE_SIGN_STYLE = Automatic;
				DEVELOPMENT_TEAM = ZR995K5J82;
				INFOPLIST_FILE = BLETests/Info.plist;
				LD_RUNPATH_SEARCH_PATHS = (
					"$(inherited)",
					"@executable_path/Frameworks",
					"@loader_path/Frameworks",
				);
				PRODUCT_BUNDLE_IDENTIFIER = solutions.s4y.BLETests;
				PRODUCT_NAME = "$(TARGET_NAME)";
				SWIFT_VERSION = 5.0;
				TARGETED_DEVICE_FAMILY = "1,2";
				TEST_HOST = "$(BUILT_PRODUCTS_DIR)/itagone.app/itagone";
			};
			name = Debug;
		};
		4177C97122FEAE4F003F4423 /* Release */ = {
			isa = XCBuildConfiguration;
			baseConfigurationReference = B097CD56D8E38E3FBE2C3C9C /* Pods-itagone-BLETests.release.xcconfig */;
			buildSettings = {
				ALWAYS_EMBED_SWIFT_STANDARD_LIBRARIES = "$(inherited)";
				CODE_SIGN_STYLE = Automatic;
				DEVELOPMENT_TEAM = ZR995K5J82;
				INFOPLIST_FILE = BLETests/Info.plist;
				LD_RUNPATH_SEARCH_PATHS = (
					"$(inherited)",
					"@executable_path/Frameworks",
					"@loader_path/Frameworks",
				);
				PRODUCT_BUNDLE_IDENTIFIER = solutions.s4y.BLETests;
				PRODUCT_NAME = "$(TARGET_NAME)";
				SWIFT_VERSION = 5.0;
				TARGETED_DEVICE_FAMILY = "1,2";
				TEST_HOST = "$(BUILT_PRODUCTS_DIR)/itagone.app/itagone";
			};
			name = Release;
		};
		41F67C1A22F932E500BCC628 /* Debug */ = {
			isa = XCBuildConfiguration;
			buildSettings = {
				ALWAYS_SEARCH_USER_PATHS = NO;
				CLANG_ANALYZER_LOCALIZABILITY_NONLOCALIZED = YES;
				CLANG_ANALYZER_NONNULL = YES;
				CLANG_ANALYZER_NUMBER_OBJECT_CONVERSION = YES_AGGRESSIVE;
				CLANG_CXX_LANGUAGE_STANDARD = "gnu++14";
				CLANG_CXX_LIBRARY = "libc++";
				CLANG_ENABLE_MODULES = YES;
				CLANG_ENABLE_OBJC_ARC = YES;
				CLANG_ENABLE_OBJC_WEAK = YES;
				CLANG_WARN_BLOCK_CAPTURE_AUTORELEASING = YES;
				CLANG_WARN_BOOL_CONVERSION = YES;
				CLANG_WARN_COMMA = YES;
				CLANG_WARN_CONSTANT_CONVERSION = YES;
				CLANG_WARN_DEPRECATED_OBJC_IMPLEMENTATIONS = YES;
				CLANG_WARN_DIRECT_OBJC_ISA_USAGE = YES_ERROR;
				CLANG_WARN_DOCUMENTATION_COMMENTS = YES;
				CLANG_WARN_EMPTY_BODY = YES;
				CLANG_WARN_ENUM_CONVERSION = YES;
				CLANG_WARN_INFINITE_RECURSION = YES;
				CLANG_WARN_INT_CONVERSION = YES;
				CLANG_WARN_NON_LITERAL_NULL_CONVERSION = YES;
				CLANG_WARN_OBJC_IMPLICIT_RETAIN_SELF = YES;
				CLANG_WARN_OBJC_LITERAL_CONVERSION = YES;
				CLANG_WARN_OBJC_ROOT_CLASS = YES_ERROR;
				CLANG_WARN_RANGE_LOOP_ANALYSIS = YES;
				CLANG_WARN_STRICT_PROTOTYPES = YES;
				CLANG_WARN_SUSPICIOUS_MOVE = YES;
				CLANG_WARN_UNGUARDED_AVAILABILITY = YES_AGGRESSIVE;
				CLANG_WARN_UNREACHABLE_CODE = YES;
				CLANG_WARN__DUPLICATE_METHOD_MATCH = YES;
				CODE_SIGN_IDENTITY = "iPhone Developer";
				COPY_PHASE_STRIP = NO;
				DEBUG_INFORMATION_FORMAT = dwarf;
				ENABLE_STRICT_OBJC_MSGSEND = YES;
				ENABLE_TESTABILITY = YES;
				GCC_C_LANGUAGE_STANDARD = gnu11;
				GCC_DYNAMIC_NO_PIC = NO;
				GCC_NO_COMMON_BLOCKS = YES;
				GCC_OPTIMIZATION_LEVEL = 0;
				GCC_PREPROCESSOR_DEFINITIONS = (
					"DEBUG=1",
					"$(inherited)",
				);
				GCC_WARN_64_TO_32_BIT_CONVERSION = YES;
				GCC_WARN_ABOUT_RETURN_TYPE = YES_ERROR;
				GCC_WARN_UNDECLARED_SELECTOR = YES;
				GCC_WARN_UNINITIALIZED_AUTOS = YES_AGGRESSIVE;
				GCC_WARN_UNUSED_FUNCTION = YES;
				GCC_WARN_UNUSED_VARIABLE = YES;
				IPHONEOS_DEPLOYMENT_TARGET = 12.4;
				MTL_ENABLE_DEBUG_INFO = INCLUDE_SOURCE;
				MTL_FAST_MATH = YES;
				ONLY_ACTIVE_ARCH = YES;
				SDKROOT = iphoneos;
				SWIFT_ACTIVE_COMPILATION_CONDITIONS = DEBUG;
				SWIFT_OPTIMIZATION_LEVEL = "-Onone";
			};
			name = Debug;
		};
		41F67C1B22F932E500BCC628 /* Release */ = {
			isa = XCBuildConfiguration;
			buildSettings = {
				ALWAYS_SEARCH_USER_PATHS = NO;
				CLANG_ANALYZER_LOCALIZABILITY_NONLOCALIZED = YES;
				CLANG_ANALYZER_NONNULL = YES;
				CLANG_ANALYZER_NUMBER_OBJECT_CONVERSION = YES_AGGRESSIVE;
				CLANG_CXX_LANGUAGE_STANDARD = "gnu++14";
				CLANG_CXX_LIBRARY = "libc++";
				CLANG_ENABLE_MODULES = YES;
				CLANG_ENABLE_OBJC_ARC = YES;
				CLANG_ENABLE_OBJC_WEAK = YES;
				CLANG_WARN_BLOCK_CAPTURE_AUTORELEASING = YES;
				CLANG_WARN_BOOL_CONVERSION = YES;
				CLANG_WARN_COMMA = YES;
				CLANG_WARN_CONSTANT_CONVERSION = YES;
				CLANG_WARN_DEPRECATED_OBJC_IMPLEMENTATIONS = YES;
				CLANG_WARN_DIRECT_OBJC_ISA_USAGE = YES_ERROR;
				CLANG_WARN_DOCUMENTATION_COMMENTS = YES;
				CLANG_WARN_EMPTY_BODY = YES;
				CLANG_WARN_ENUM_CONVERSION = YES;
				CLANG_WARN_INFINITE_RECURSION = YES;
				CLANG_WARN_INT_CONVERSION = YES;
				CLANG_WARN_NON_LITERAL_NULL_CONVERSION = YES;
				CLANG_WARN_OBJC_IMPLICIT_RETAIN_SELF = YES;
				CLANG_WARN_OBJC_LITERAL_CONVERSION = YES;
				CLANG_WARN_OBJC_ROOT_CLASS = YES_ERROR;
				CLANG_WARN_RANGE_LOOP_ANALYSIS = YES;
				CLANG_WARN_STRICT_PROTOTYPES = YES;
				CLANG_WARN_SUSPICIOUS_MOVE = YES;
				CLANG_WARN_UNGUARDED_AVAILABILITY = YES_AGGRESSIVE;
				CLANG_WARN_UNREACHABLE_CODE = YES;
				CLANG_WARN__DUPLICATE_METHOD_MATCH = YES;
				CODE_SIGN_IDENTITY = "iPhone Developer";
				COPY_PHASE_STRIP = NO;
				DEBUG_INFORMATION_FORMAT = "dwarf-with-dsym";
				ENABLE_NS_ASSERTIONS = NO;
				ENABLE_STRICT_OBJC_MSGSEND = YES;
				GCC_C_LANGUAGE_STANDARD = gnu11;
				GCC_NO_COMMON_BLOCKS = YES;
				GCC_WARN_64_TO_32_BIT_CONVERSION = YES;
				GCC_WARN_ABOUT_RETURN_TYPE = YES_ERROR;
				GCC_WARN_UNDECLARED_SELECTOR = YES;
				GCC_WARN_UNINITIALIZED_AUTOS = YES_AGGRESSIVE;
				GCC_WARN_UNUSED_FUNCTION = YES;
				GCC_WARN_UNUSED_VARIABLE = YES;
				IPHONEOS_DEPLOYMENT_TARGET = 12.4;
				MTL_ENABLE_DEBUG_INFO = NO;
				MTL_FAST_MATH = YES;
				SDKROOT = iphoneos;
				SWIFT_COMPILATION_MODE = wholemodule;
				SWIFT_OPTIMIZATION_LEVEL = "-O";
				VALIDATE_PRODUCT = YES;
			};
			name = Release;
		};
		41F67C1D22F932E500BCC628 /* Debug */ = {
			isa = XCBuildConfiguration;
			baseConfigurationReference = 72C8E62BD8311F8E0D200968 /* Pods-itagone.debug.xcconfig */;
			buildSettings = {
				ASSETCATALOG_COMPILER_APPICON_NAME = AppIcon;
				CODE_SIGN_IDENTITY = "iPhone Distribution";
				CODE_SIGN_STYLE = Manual;
				CURRENT_PROJECT_VERSION = 1;
				DEVELOPMENT_TEAM = T97R63AKAZ;
				INFOPLIST_FILE = itagone/Info.plist;
				LD_RUNPATH_SEARCH_PATHS = (
					"$(inherited)",
					"@executable_path/Frameworks",
				);
				MARKETING_VERSION = 1.0.0;
				PRODUCT_BUNDLE_IDENTIFIER = com.ifot.itag;
				PRODUCT_NAME = "$(TARGET_NAME)";
				PROVISIONING_PROFILE_SPECIFIER = "Sergey's 2nd";
				SWIFT_VERSION = 5.0;
				TARGETED_DEVICE_FAMILY = "1,2";
			};
			name = Debug;
		};
		41F67C1E22F932E500BCC628 /* Release */ = {
			isa = XCBuildConfiguration;
			baseConfigurationReference = 51863BE7226A0B4B46323975 /* Pods-itagone.release.xcconfig */;
			buildSettings = {
				ASSETCATALOG_COMPILER_APPICON_NAME = AppIcon;
				CODE_SIGN_IDENTITY = "iPhone Distribution";
				CODE_SIGN_STYLE = Manual;
				CURRENT_PROJECT_VERSION = 1;
				DEVELOPMENT_TEAM = T97R63AKAZ;
				INFOPLIST_FILE = itagone/Info.plist;
				LD_RUNPATH_SEARCH_PATHS = (
					"$(inherited)",
					"@executable_path/Frameworks",
				);
				MARKETING_VERSION = 1.0.0;
				PRODUCT_BUNDLE_IDENTIFIER = com.ifot.itag;
				PRODUCT_NAME = "$(TARGET_NAME)";
				PROVISIONING_PROFILE_SPECIFIER = "Sergey's 2nd";
				SWIFT_VERSION = 5.0;
				TARGETED_DEVICE_FAMILY = "1,2";
			};
			name = Release;
		};
		41F67C2022F932E600BCC628 /* Debug */ = {
			isa = XCBuildConfiguration;
			baseConfigurationReference = D39D4DC1C4CC5842DCE16D05 /* Pods-itagone-itagoneTests.debug.xcconfig */;
			buildSettings = {
				ALWAYS_EMBED_SWIFT_STANDARD_LIBRARIES = "$(inherited)";
				BUNDLE_LOADER = "$(TEST_HOST)";
				CODE_SIGN_STYLE = Automatic;
				DEVELOPMENT_TEAM = ZR995K5J82;
				INFOPLIST_FILE = itagoneTests/Info.plist;
				LD_RUNPATH_SEARCH_PATHS = (
					"$(inherited)",
					"@executable_path/Frameworks",
					"@loader_path/Frameworks",
				);
				PRODUCT_BUNDLE_IDENTIFIER = solutions.s4y.itagoneTests;
				PRODUCT_NAME = "$(TARGET_NAME)";
				SWIFT_VERSION = 5.0;
				TARGETED_DEVICE_FAMILY = "1,2";
				TEST_HOST = "$(BUILT_PRODUCTS_DIR)/itagone.app/itagone";
			};
			name = Debug;
		};
		41F67C2122F932E600BCC628 /* Release */ = {
			isa = XCBuildConfiguration;
			baseConfigurationReference = 6F6566A97EF8C40A2CF1AD62 /* Pods-itagone-itagoneTests.release.xcconfig */;
			buildSettings = {
				ALWAYS_EMBED_SWIFT_STANDARD_LIBRARIES = "$(inherited)";
				BUNDLE_LOADER = "$(TEST_HOST)";
				CODE_SIGN_STYLE = Automatic;
				DEVELOPMENT_TEAM = ZR995K5J82;
				INFOPLIST_FILE = itagoneTests/Info.plist;
				LD_RUNPATH_SEARCH_PATHS = (
					"$(inherited)",
					"@executable_path/Frameworks",
					"@loader_path/Frameworks",
				);
				PRODUCT_BUNDLE_IDENTIFIER = solutions.s4y.itagoneTests;
				PRODUCT_NAME = "$(TARGET_NAME)";
				SWIFT_VERSION = 5.0;
				TARGETED_DEVICE_FAMILY = "1,2";
				TEST_HOST = "$(BUILT_PRODUCTS_DIR)/itagone.app/itagone";
			};
			name = Release;
		};
		41F67C2322F932E600BCC628 /* Debug */ = {
			isa = XCBuildConfiguration;
			baseConfigurationReference = 49CF876F2D3FAE1289554C2C /* Pods-itagone-itagoneUITests.debug.xcconfig */;
			buildSettings = {
				ALWAYS_EMBED_SWIFT_STANDARD_LIBRARIES = "$(inherited)";
				CODE_SIGN_STYLE = Automatic;
				DEVELOPMENT_TEAM = ZR995K5J82;
				INFOPLIST_FILE = itagoneUITests/Info.plist;
				LD_RUNPATH_SEARCH_PATHS = (
					"$(inherited)",
					"@executable_path/Frameworks",
					"@loader_path/Frameworks",
				);
				PRODUCT_BUNDLE_IDENTIFIER = solutions.s4y.itagoneUITests;
				PRODUCT_NAME = "$(TARGET_NAME)";
				SWIFT_VERSION = 5.0;
				TARGETED_DEVICE_FAMILY = "1,2";
				TEST_TARGET_NAME = itagone;
			};
			name = Debug;
		};
		41F67C2422F932E600BCC628 /* Release */ = {
			isa = XCBuildConfiguration;
			baseConfigurationReference = 631AB3A4B54DB666B05ADECF /* Pods-itagone-itagoneUITests.release.xcconfig */;
			buildSettings = {
				ALWAYS_EMBED_SWIFT_STANDARD_LIBRARIES = "$(inherited)";
				CODE_SIGN_STYLE = Automatic;
				DEVELOPMENT_TEAM = ZR995K5J82;
				INFOPLIST_FILE = itagoneUITests/Info.plist;
				LD_RUNPATH_SEARCH_PATHS = (
					"$(inherited)",
					"@executable_path/Frameworks",
					"@loader_path/Frameworks",
				);
				PRODUCT_BUNDLE_IDENTIFIER = solutions.s4y.itagoneUITests;
				PRODUCT_NAME = "$(TARGET_NAME)";
				SWIFT_VERSION = 5.0;
				TARGETED_DEVICE_FAMILY = "1,2";
				TEST_TARGET_NAME = itagone;
			};
			name = Release;
		};
/* End XCBuildConfiguration section */

/* Begin XCConfigurationList section */
		4177C96B22FEAE4F003F4423 /* Build configuration list for PBXNativeTarget "BLE" */ = {
			isa = XCConfigurationList;
			buildConfigurations = (
				4177C96C22FEAE4F003F4423 /* Debug */,
				4177C96D22FEAE4F003F4423 /* Release */,
			);
			defaultConfigurationIsVisible = 0;
			defaultConfigurationName = Release;
		};
		4177C96F22FEAE4F003F4423 /* Build configuration list for PBXNativeTarget "BLETests" */ = {
			isa = XCConfigurationList;
			buildConfigurations = (
				4177C97022FEAE4F003F4423 /* Debug */,
				4177C97122FEAE4F003F4423 /* Release */,
			);
			defaultConfigurationIsVisible = 0;
			defaultConfigurationName = Release;
		};
		41F67BEF22F932E300BCC628 /* Build configuration list for PBXProject "itagone" */ = {
			isa = XCConfigurationList;
			buildConfigurations = (
				41F67C1A22F932E500BCC628 /* Debug */,
				41F67C1B22F932E500BCC628 /* Release */,
			);
			defaultConfigurationIsVisible = 0;
			defaultConfigurationName = Release;
		};
		41F67C1C22F932E500BCC628 /* Build configuration list for PBXNativeTarget "itagone" */ = {
			isa = XCConfigurationList;
			buildConfigurations = (
				41F67C1D22F932E500BCC628 /* Debug */,
				41F67C1E22F932E500BCC628 /* Release */,
			);
			defaultConfigurationIsVisible = 0;
			defaultConfigurationName = Release;
		};
		41F67C1F22F932E600BCC628 /* Build configuration list for PBXNativeTarget "itagoneTests" */ = {
			isa = XCConfigurationList;
			buildConfigurations = (
				41F67C2022F932E600BCC628 /* Debug */,
				41F67C2122F932E600BCC628 /* Release */,
			);
			defaultConfigurationIsVisible = 0;
			defaultConfigurationName = Release;
		};
		41F67C2222F932E600BCC628 /* Build configuration list for PBXNativeTarget "itagoneUITests" */ = {
			isa = XCConfigurationList;
			buildConfigurations = (
				41F67C2322F932E600BCC628 /* Debug */,
				41F67C2422F932E600BCC628 /* Release */,
			);
			defaultConfigurationIsVisible = 0;
			defaultConfigurationName = Release;
		};
/* End XCConfigurationList section */
	};
	rootObject = 41F67BEC22F932E300BCC628 /* Project object */;
}
